// !$*UTF8*$!
{
	archiveVersion = 1;
	classes = {
	};
	objectVersion = 50;
	objects = {

/* Begin PBXAggregateTarget section */
		B258870922316B9100BD6930 /* UniversalRestKit */ = {
			isa = PBXAggregateTarget;
			buildConfigurationList = B258871022316B9100BD6930 /* Build configuration list for PBXAggregateTarget "UniversalRestKit" */;
			buildPhases = (
				B258871122316BCC00BD6930 /* ShellScript */,
			);
			dependencies = (
				B258871822316D2D00BD6930 /* PBXTargetDependency */,
			);
			name = UniversalRestKit;
			productName = UniversalRestKit;
		};
/* End PBXAggregateTarget section */

/* Begin PBXBuildFile section */
		B20BBAB2212F20E500DEAA3E /* TRPRestKit.framework in Frameworks */ = {isa = PBXBuildFile; fileRef = B29B462520F607F90009E711 /* TRPRestKit.framework */; };
		B20BBAE2212FCA4F00DEAA3E /* TRPParentJsonModelTest.swift in Sources */ = {isa = PBXBuildFile; fileRef = B20BBAE1212FCA4F00DEAA3E /* TRPParentJsonModelTest.swift */; };
		B20BBAE5212FD64700DEAA3E /* TRPCityJsonModelTest.swift in Sources */ = {isa = PBXBuildFile; fileRef = B20BBAE4212FD64700DEAA3E /* TRPCityJsonModelTest.swift */; };
		B20BBAEB213046CB00DEAA3E /* TRPLogin.swift in Sources */ = {isa = PBXBuildFile; fileRef = B20BBAEA213046CB00DEAA3E /* TRPLogin.swift */; };
		B20BBAEF21304C4F00DEAA3E /* TRPOauthServicesTest.swift in Sources */ = {isa = PBXBuildFile; fileRef = B20BBAEE21304C4F00DEAA3E /* TRPOauthServicesTest.swift */; };
		B20CD9C921357C0800497ED3 /* TRPGetProgramJsonModel.swift in Sources */ = {isa = PBXBuildFile; fileRef = B20CD9C821357C0800497ED3 /* TRPGetProgramJsonModel.swift */; };
		B20CD9CF213596FB00497ED3 /* TRPDailyPlanInfoModel.swift in Sources */ = {isa = PBXBuildFile; fileRef = B20CD9CE213596FB00497ED3 /* TRPDailyPlanInfoModel.swift */; };
		B20CD9D42135DC5700497ED3 /* TRPDailyPlanServices.swift in Sources */ = {isa = PBXBuildFile; fileRef = B20CD9D32135DC5700497ED3 /* TRPDailyPlanServices.swift */; };
		B20CD9E621365B2700497ED3 /* TRPPlanPointAlternativeJsonModel.swift in Sources */ = {isa = PBXBuildFile; fileRef = B20CD9E521365B2700497ED3 /* TRPPlanPointAlternativeJsonModel.swift */; };
		B20CD9E821365B3D00497ED3 /* NearByJsonInfoModel.swift in Sources */ = {isa = PBXBuildFile; fileRef = B20CD9E721365B3D00497ED3 /* NearByJsonInfoModel.swift */; };
		B20CD9F321368CF800497ED3 /* TRPPlanPoints.swift in Sources */ = {isa = PBXBuildFile; fileRef = B20CD9F221368CF800497ED3 /* TRPPlanPoints.swift */; };
		B20CD9F62136A8E600497ED3 /* TRPProgramStepJsonModel.swift in Sources */ = {isa = PBXBuildFile; fileRef = B20CD9F52136A8E600497ED3 /* TRPProgramStepJsonModel.swift */; };
		B20CD9F82136A90B00497ED3 /* TRPPlanPointInfoModel.swift in Sources */ = {isa = PBXBuildFile; fileRef = B20CD9F72136A90B00497ED3 /* TRPPlanPointInfoModel.swift */; };
		B20CD9FC2136E23200497ED3 /* TRPFeedback.swift in Sources */ = {isa = PBXBuildFile; fileRef = B20CD9FB2136E23200497ED3 /* TRPFeedback.swift */; };
		B20F29AE21C25B9B0041957B /* TestServerInfo.plist in Resources */ = {isa = PBXBuildFile; fileRef = B20F29AD21C25B9B0041957B /* TestServerInfo.plist */; };
		B20F29B021C25C7B0041957B /* Plist.swift in Sources */ = {isa = PBXBuildFile; fileRef = B20F29AF21C25C7B0041957B /* Plist.swift */; };
		B210988E2188AD8F0070946C /* TRPImageResizer.swift in Sources */ = {isa = PBXBuildFile; fileRef = B210988D2188AD8F0070946C /* TRPImageResizer.swift */; };
		B215BEFD2131756700659818 /* TRPTripSettings.swift in Sources */ = {isa = PBXBuildFile; fileRef = B215BEFC2131756700659818 /* TRPTripSettings.swift */; };
		B215BEFF2131765B00659818 /* TRPProgram.swift in Sources */ = {isa = PBXBuildFile; fileRef = B215BEFE2131765B00659818 /* TRPProgram.swift */; };
		B215BF022131791D00659818 /* TRPMe.swift in Sources */ = {isa = PBXBuildFile; fileRef = B215BF012131791D00659818 /* TRPMe.swift */; };
		B215BF0721319C9700659818 /* TRPUserMeJsonModel.swift in Sources */ = {isa = PBXBuildFile; fileRef = B215BF0621319C9700659818 /* TRPUserMeJsonModel.swift */; };
		B215BF0921319D6500659818 /* TRPUserInfoModel.swift in Sources */ = {isa = PBXBuildFile; fileRef = B215BF0821319D6500659818 /* TRPUserInfoModel.swift */; };
		B215BF0B2131D18A00659818 /* TRPMyPrograms.swift in Sources */ = {isa = PBXBuildFile; fileRef = B215BF0A2131D18A00659818 /* TRPMyPrograms.swift */; };
		B215BF102131D31700659818 /* TRPUserTripsJsonModel.swift in Sources */ = {isa = PBXBuildFile; fileRef = B215BF0F2131D31700659818 /* TRPUserTripsJsonModel.swift */; };
		B215BF122132808A00659818 /* TRPUserTripInfoModel.swift in Sources */ = {isa = PBXBuildFile; fileRef = B215BF112132808A00659818 /* TRPUserTripInfoModel.swift */; };
		B2179D262133EF87004954A4 /* TRPUserPersistent.swift in Sources */ = {isa = PBXBuildFile; fileRef = B2179D252133EF87004954A4 /* TRPUserPersistent.swift */; };
		B2179D282133F3CD004954A4 /* UserTest.swift in Sources */ = {isa = PBXBuildFile; fileRef = B2179D272133F3CD004954A4 /* UserTest.swift */; };
		B21E1A89220A27DF00EF471F /* TRPGooglePlaceService.swift in Sources */ = {isa = PBXBuildFile; fileRef = B21E1A88220A27DF00EF471F /* TRPGooglePlaceService.swift */; };
		B21E1A8B220A27F500EF471F /* TRPGooglePlaceLocation.swift in Sources */ = {isa = PBXBuildFile; fileRef = B21E1A8A220A27F500EF471F /* TRPGooglePlaceLocation.swift */; };
		B21E1A8D220A281200EF471F /* TRPGoogleAutoComplete.swift in Sources */ = {isa = PBXBuildFile; fileRef = B21E1A8C220A281200EF471F /* TRPGoogleAutoComplete.swift */; };
		B21E1A8F220A282800EF471F /* TRPGooglePlace.swift in Sources */ = {isa = PBXBuildFile; fileRef = B21E1A8E220A282800EF471F /* TRPGooglePlace.swift */; };
		B22372242131151900E21532 /* TRPOAuthJsonModel.swift in Sources */ = {isa = PBXBuildFile; fileRef = B22372232131151900E21532 /* TRPOAuthJsonModel.swift */; };
		B227F45C216CA2BA00591C70 /* TRPFavoritesJsonModel.swift in Sources */ = {isa = PBXBuildFile; fileRef = B227F45B216CA2BA00591C70 /* TRPFavoritesJsonModel.swift */; };
		B22C8F7522316F5600D18633 /* TRPFoundationKit.framework in Frameworks */ = {isa = PBXBuildFile; fileRef = B258872222316F2D00BD6930 /* TRPFoundationKit.framework */; };
		B236885F216BAE0800920DA7 /* TRPUserFavorite.swift in Sources */ = {isa = PBXBuildFile; fileRef = B236885E216BAE0800920DA7 /* TRPUserFavorite.swift */; };
		B24AEAE521463530003BB0B3 /* TRPCitiesTest.swift in Sources */ = {isa = PBXBuildFile; fileRef = B24AEAE421463530003BB0B3 /* TRPCitiesTest.swift */; };
		B24AEAF221469B94003BB0B3 /* TRPPlaceTypesTest.swift in Sources */ = {isa = PBXBuildFile; fileRef = B24AEAF121469B94003BB0B3 /* TRPPlaceTypesTest.swift */; };
		B261A72022490DEC00D31558 /* TRPReportAProblemServices.swift in Sources */ = {isa = PBXBuildFile; fileRef = B261A71F22490DEC00D31558 /* TRPReportAProblemServices.swift */; };
		B261A72222490E4C00D31558 /* TRPProblemCategories.swift in Sources */ = {isa = PBXBuildFile; fileRef = B261A72122490E4C00D31558 /* TRPProblemCategories.swift */; };
		B261A733224B7E4A00D31558 /* TRPProblemCategoriesJsonModel.swift in Sources */ = {isa = PBXBuildFile; fileRef = B261A732224B7E4A00D31558 /* TRPProblemCategoriesJsonModel.swift */; };
		B29B462A20F607F90009E711 /* TRPRestKit.h in Headers */ = {isa = PBXBuildFile; fileRef = B29B462820F607F90009E711 /* TRPRestKit.h */; settings = {ATTRIBUTES = (Public, ); }; };
		B29B463720F60A630009E711 /* TRPClient.swift in Sources */ = {isa = PBXBuildFile; fileRef = B29B463620F60A630009E711 /* TRPClient.swift */; };
		B29B463B20F60A910009E711 /* TRPConfig.swift in Sources */ = {isa = PBXBuildFile; fileRef = B29B463A20F60A910009E711 /* TRPConfig.swift */; };
		B29B463D20F60AAB0009E711 /* TRPTime.swift in Sources */ = {isa = PBXBuildFile; fileRef = B29B463C20F60AAB0009E711 /* TRPTime.swift */; };
		B29B463F20F60AC30009E711 /* TRPRestKit.swift in Sources */ = {isa = PBXBuildFile; fileRef = B29B463E20F60AC30009E711 /* TRPRestKit.swift */; };
		B29B464120F60ADF0009E711 /* Pagination.swift in Sources */ = {isa = PBXBuildFile; fileRef = B29B464020F60ADF0009E711 /* Pagination.swift */; };
		B29B464520F60B090009E711 /* TRPUpdateTypeModel.swift in Sources */ = {isa = PBXBuildFile; fileRef = B29B464420F60B090009E711 /* TRPUpdateTypeModel.swift */; };
		B29B464920F60BF80009E711 /* TRPCoordinateModel.swift in Sources */ = {isa = PBXBuildFile; fileRef = B29B464820F60BF80009E711 /* TRPCoordinateModel.swift */; };
		B29B464B20F60C0D0009E711 /* TRPParentJsonModel.swift in Sources */ = {isa = PBXBuildFile; fileRef = B29B464A20F60C0D0009E711 /* TRPParentJsonModel.swift */; };
		B29B465120F60C500009E711 /* TRPGRoutesResultJsonModel.swift in Sources */ = {isa = PBXBuildFile; fileRef = B29B465020F60C500009E711 /* TRPGRoutesResultJsonModel.swift */; };
		B29B465320F60C630009E711 /* TRPGRoutesResultWalkDriveJsonModel.swift in Sources */ = {isa = PBXBuildFile; fileRef = B29B465220F60C630009E711 /* TRPGRoutesResultWalkDriveJsonModel.swift */; };
		B29B465520F60C740009E711 /* TRPGRoutesResultInfoJsonModel.swift in Sources */ = {isa = PBXBuildFile; fileRef = B29B465420F60C740009E711 /* TRPGRoutesResultInfoJsonModel.swift */; };
		B29B465720F60C890009E711 /* TRPGRoutesResultTextValueJsonModel.swift in Sources */ = {isa = PBXBuildFile; fileRef = B29B465620F60C890009E711 /* TRPGRoutesResultTextValueJsonModel.swift */; };
		B29B465A20F60CA90009E711 /* TRPRoutesResultPlaceJsonModel.swift in Sources */ = {isa = PBXBuildFile; fileRef = B29B465920F60CA90009E711 /* TRPRoutesResultPlaceJsonModel.swift */; };
		B29B465C20F60CBB0009E711 /* TRPRoutesResultTravelDetailsJsonModel.swift in Sources */ = {isa = PBXBuildFile; fileRef = B29B465B20F60CBB0009E711 /* TRPRoutesResultTravelDetailsJsonModel.swift */; };
		B29B465E20F60CCB0009E711 /* TRPRoutesResultTravelJsonModel.swift in Sources */ = {isa = PBXBuildFile; fileRef = B29B465D20F60CCB0009E711 /* TRPRoutesResultTravelJsonModel.swift */; };
		B29B466020F60CDD0009E711 /* TRPRoutesResultStepsJsonModel.swift in Sources */ = {isa = PBXBuildFile; fileRef = B29B465F20F60CDD0009E711 /* TRPRoutesResultStepsJsonModel.swift */; };
		B29B466220F60CEF0009E711 /* TRPRoutesResultDaysJsonModel.swift in Sources */ = {isa = PBXBuildFile; fileRef = B29B466120F60CEF0009E711 /* TRPRoutesResultDaysJsonModel.swift */; };
		B29B466420F60D000009E711 /* TRPRoutesResultParamsJsonModel.swift in Sources */ = {isa = PBXBuildFile; fileRef = B29B466320F60D000009E711 /* TRPRoutesResultParamsJsonModel.swift */; };
		B29B466620F60D120009E711 /* TRPRoutesResultDataJsonModel.swift in Sources */ = {isa = PBXBuildFile; fileRef = B29B466520F60D120009E711 /* TRPRoutesResultDataJsonModel.swift */; };
		B29B466920F60D290009E711 /* TRPRoutesResultJsonModel.swift in Sources */ = {isa = PBXBuildFile; fileRef = B29B466820F60D290009E711 /* TRPRoutesResultJsonModel.swift */; };
		B29B466C20F60D450009E711 /* TRPGrouteWaitModel.swift in Sources */ = {isa = PBXBuildFile; fileRef = B29B466B20F60D450009E711 /* TRPGrouteWaitModel.swift */; };
		B29B466E20F60D550009E711 /* TRPGrouteWaitInfoModel.swift in Sources */ = {isa = PBXBuildFile; fileRef = B29B466D20F60D550009E711 /* TRPGrouteWaitInfoModel.swift */; };
		B29B467120F60EE70009E711 /* TRPRoutesJsonModel.swift in Sources */ = {isa = PBXBuildFile; fileRef = B29B467020F60EE70009E711 /* TRPRoutesJsonModel.swift */; };
		B29B467320F60EF70009E711 /* TRPRoutesInfoJsonModel.swift in Sources */ = {isa = PBXBuildFile; fileRef = B29B467220F60EF70009E711 /* TRPRoutesInfoJsonModel.swift */; };
		B29B467520F60F070009E711 /* TRPRoutesTimeJsonModel.swift in Sources */ = {isa = PBXBuildFile; fileRef = B29B467420F60F070009E711 /* TRPRoutesTimeJsonModel.swift */; };
		B29B467820F60F220009E711 /* TRPRecommendationJsonModel.swift in Sources */ = {isa = PBXBuildFile; fileRef = B29B467720F60F220009E711 /* TRPRecommendationJsonModel.swift */; };
		B29B467A20F60F320009E711 /* TRPRecommendationInfoJsonModel.swift in Sources */ = {isa = PBXBuildFile; fileRef = B29B467920F60F320009E711 /* TRPRecommendationInfoJsonModel.swift */; };
		B29B467F20F60F5C0009E711 /* TRPTripQuestionJsonModel.swift in Sources */ = {isa = PBXBuildFile; fileRef = B29B467E20F60F5C0009E711 /* TRPTripQuestionJsonModel.swift */; };
		B29B468120F60F6A0009E711 /* TRPTripQuestionInfoModel.swift in Sources */ = {isa = PBXBuildFile; fileRef = B29B468020F60F6A0009E711 /* TRPTripQuestionInfoModel.swift */; };
		B29B468320F60F7C0009E711 /* TRPQuestionOptionsJsonModel.swift in Sources */ = {isa = PBXBuildFile; fileRef = B29B468220F60F7C0009E711 /* TRPQuestionOptionsJsonModel.swift */; };
		B29B468620F60F970009E711 /* TRPPoiJsonModel.swift in Sources */ = {isa = PBXBuildFile; fileRef = B29B468520F60F970009E711 /* TRPPoiJsonModel.swift */; };
		B29B468820F60FA70009E711 /* TRPPoiInfoModel.swift in Sources */ = {isa = PBXBuildFile; fileRef = B29B468720F60FA70009E711 /* TRPPoiInfoModel.swift */; };
		B29B468B20F60FC20009E711 /* TRPPlaceTypeJsonModel.swift in Sources */ = {isa = PBXBuildFile; fileRef = B29B468A20F60FC20009E711 /* TRPPlaceTypeJsonModel.swift */; };
		B29B468D20F60FD30009E711 /* TRPCategoryInfoModel.swift in Sources */ = {isa = PBXBuildFile; fileRef = B29B468C20F60FD30009E711 /* TRPCategoryInfoModel.swift */; };
		B29B469020F60FEB0009E711 /* TRPCityJsonModel.swift in Sources */ = {isa = PBXBuildFile; fileRef = B29B468F20F60FEB0009E711 /* TRPCityJsonModel.swift */; };
		B29B469220F60FFB0009E711 /* TRPCityInfoModel.swift in Sources */ = {isa = PBXBuildFile; fileRef = B29B469120F60FFB0009E711 /* TRPCityInfoModel.swift */; };
		B29B469420F6100C0009E711 /* TRPCountryJsonModel.swift in Sources */ = {isa = PBXBuildFile; fileRef = B29B469320F6100C0009E711 /* TRPCountryJsonModel.swift */; };
		B29B469720F610280009E711 /* TRPTagsJsonModel.swift in Sources */ = {isa = PBXBuildFile; fileRef = B29B469620F610280009E711 /* TRPTagsJsonModel.swift */; };
		B29B469920F610370009E711 /* TRPTagsInfoModel.swift in Sources */ = {isa = PBXBuildFile; fileRef = B29B469820F610370009E711 /* TRPTagsInfoModel.swift */; };
		B29B469C20F6104F0009E711 /* TRPCheckUpdateJsonModel.swift in Sources */ = {isa = PBXBuildFile; fileRef = B29B469B20F6104F0009E711 /* TRPCheckUpdateJsonModel.swift */; };
		B29B469E20F613150009E711 /* TRPNetwork.swift in Sources */ = {isa = PBXBuildFile; fileRef = B29B469D20F613150009E711 /* TRPNetwork.swift */; };
		B29B46A020F613300009E711 /* TRPNetworkError.swift in Sources */ = {isa = PBXBuildFile; fileRef = B29B469F20F613300009E711 /* TRPNetworkError.swift */; };
		B29B46A220F613430009E711 /* TRPRequestMode.swift in Sources */ = {isa = PBXBuildFile; fileRef = B29B46A120F613430009E711 /* TRPRequestMode.swift */; };
		B29B46A420F613690009E711 /* TRPCities.swift in Sources */ = {isa = PBXBuildFile; fileRef = B29B46A320F613690009E711 /* TRPCities.swift */; };
		B29B46A620F6137C0009E711 /* PoiCategories.swift in Sources */ = {isa = PBXBuildFile; fileRef = B29B46A520F6137C0009E711 /* PoiCategories.swift */; };
		B29B46A820F6138D0009E711 /* TRPPlace.swift in Sources */ = {isa = PBXBuildFile; fileRef = B29B46A720F6138D0009E711 /* TRPPlace.swift */; };
		B29B46AA20F613A00009E711 /* TRPTripQuestion.swift in Sources */ = {isa = PBXBuildFile; fileRef = B29B46A920F613A00009E711 /* TRPTripQuestion.swift */; };
		B29B46AC20F613B30009E711 /* TRPRecommendation.swift in Sources */ = {isa = PBXBuildFile; fileRef = B29B46AB20F613B30009E711 /* TRPRecommendation.swift */; };
		B29B46AE20F613C70009E711 /* TRPRecommendationSettings.swift in Sources */ = {isa = PBXBuildFile; fileRef = B29B46AD20F613C70009E711 /* TRPRecommendationSettings.swift */; };
		B29B46B020F613D80009E711 /* TRPRestServices.swift in Sources */ = {isa = PBXBuildFile; fileRef = B29B46AF20F613D80009E711 /* TRPRestServices.swift */; };
		B29B46B220F613EC0009E711 /* TRPTags.swift in Sources */ = {isa = PBXBuildFile; fileRef = B29B46B120F613EC0009E711 /* TRPTags.swift */; };
		B29B46B420F613FE0009E711 /* TRPCheckDataUpdates.swift in Sources */ = {isa = PBXBuildFile; fileRef = B29B46B320F613FE0009E711 /* TRPCheckDataUpdates.swift */; };
		B29B46BD20F6144B0009E711 /* TRPRoutesResult.swift in Sources */ = {isa = PBXBuildFile; fileRef = B29B46BC20F6144B0009E711 /* TRPRoutesResult.swift */; };
		B29B46BF20F6145B0009E711 /* TRPGrouteResult.swift in Sources */ = {isa = PBXBuildFile; fileRef = B29B46BE20F6145B0009E711 /* TRPGrouteResult.swift */; };
		B29B46C120F6146D0009E711 /* TRPPlanPointAlternatives.swift in Sources */ = {isa = PBXBuildFile; fileRef = B29B46C020F6146D0009E711 /* TRPPlanPointAlternatives.swift */; };
		B2AEF1B921A7E52500824D1F /* TRPPoiAddRouteInfoModel.swift in Sources */ = {isa = PBXBuildFile; fileRef = B2AEF1B821A7E52500824D1F /* TRPPoiAddRouteInfoModel.swift */; };
		B2AEF1BC21A7E58700824D1F /* TRPPoiAddRouteJsonModel.swift in Sources */ = {isa = PBXBuildFile; fileRef = B2AEF1BB21A7E58700824D1F /* TRPPoiAddRouteJsonModel.swift */; };
		B2E0D1ED2148584900876D81 /* TRPUserPreferencesTest.swift in Sources */ = {isa = PBXBuildFile; fileRef = B2E0D1EC2148584900876D81 /* TRPUserPreferencesTest.swift */; };
		B2E0D1EF21485BB400876D81 /* TRPTripTest.swift in Sources */ = {isa = PBXBuildFile; fileRef = B2E0D1EE21485BB400876D81 /* TRPTripTest.swift */; };
		B2E0D1F12148DA0300876D81 /* TRPDayPlanTest.swift in Sources */ = {isa = PBXBuildFile; fileRef = B2E0D1F02148DA0300876D81 /* TRPDayPlanTest.swift */; };
		B2E0D1F32149193E00876D81 /* TRPPlanPoints.swift in Sources */ = {isa = PBXBuildFile; fileRef = B2E0D1F22149193E00876D81 /* TRPPlanPoints.swift */; };
		B2E0D1F521491D2300876D81 /* TRPDayPlanJsonModel.swift in Sources */ = {isa = PBXBuildFile; fileRef = B2E0D1F421491D2300876D81 /* TRPDayPlanJsonModel.swift */; };
		B2E0D1F821491DF000876D81 /* TRPTripJsonModel.swift in Sources */ = {isa = PBXBuildFile; fileRef = B2E0D1F721491DF000876D81 /* TRPTripJsonModel.swift */; };
		B2E0D1FA21491E0000876D81 /* TRPTripInfoModel.swift in Sources */ = {isa = PBXBuildFile; fileRef = B2E0D1F921491E0000876D81 /* TRPTripInfoModel.swift */; };
		B2E0D1FF2149244A00876D81 /* TRPPlanPoi.swift in Sources */ = {isa = PBXBuildFile; fileRef = B2E0D1FE2149244A00876D81 /* TRPPlanPoi.swift */; };
		B2E0D20121492B9C00876D81 /* TRPPlanPointAlternativeTest.swift in Sources */ = {isa = PBXBuildFile; fileRef = B2E0D20021492B9C00876D81 /* TRPPlanPointAlternativeTest.swift */; };
		B2E0D20321492FA100876D81 /* TRPRecommendationTest.swift in Sources */ = {isa = PBXBuildFile; fileRef = B2E0D20221492FA100876D81 /* TRPRecommendationTest.swift */; };
		B2FDCFB521469EF0000C9387 /* TRPPlacesTest.swift in Sources */ = {isa = PBXBuildFile; fileRef = B2FDCFB421469EF0000C9387 /* TRPPlacesTest.swift */; };
		B2FDCFB72147C95A000C9387 /* TRPTripQuestionTest.swift in Sources */ = {isa = PBXBuildFile; fileRef = B2FDCFB62147C95A000C9387 /* TRPTripQuestionTest.swift */; };
		B2FDCFB92147EE41000C9387 /* TRPLoginJsonModel.swift in Sources */ = {isa = PBXBuildFile; fileRef = B2FDCFB82147EE41000C9387 /* TRPLoginJsonModel.swift */; };
		B2FDCFBB2147F608000C9387 /* TRPUserTest.swift in Sources */ = {isa = PBXBuildFile; fileRef = B2FDCFBA2147F608000C9387 /* TRPUserTest.swift */; };
		B2FDCFBD2147FA45000C9387 /* TRPUserRegister.swift in Sources */ = {isa = PBXBuildFile; fileRef = B2FDCFBC2147FA45000C9387 /* TRPUserRegister.swift */; };
		B2FE502E21354BD600CDC79E /* TRPGetProgram.swift in Sources */ = {isa = PBXBuildFile; fileRef = B2FE502D21354BD600CDC79E /* TRPGetProgram.swift */; };
		B2FE503621356EE700CDC79E /* TRPDeleteProgram.swift in Sources */ = {isa = PBXBuildFile; fileRef = B2FE503521356EE700CDC79E /* TRPDeleteProgram.swift */; };
/* End PBXBuildFile section */

/* Begin PBXContainerItemProxy section */
		B20BBAB3212F20E500DEAA3E /* PBXContainerItemProxy */ = {
			isa = PBXContainerItemProxy;
			containerPortal = B29B461C20F607F90009E711 /* Project object */;
			proxyType = 1;
			remoteGlobalIDString = B29B462420F607F90009E711;
			remoteInfo = TRPRestKit;
		};
		B258871722316D2D00BD6930 /* PBXContainerItemProxy */ = {
			isa = PBXContainerItemProxy;
			containerPortal = B29B461C20F607F90009E711 /* Project object */;
			proxyType = 1;
			remoteGlobalIDString = B29B462420F607F90009E711;
			remoteInfo = TRPRestKit;
		};
/* End PBXContainerItemProxy section */

/* Begin PBXFileReference section */
		B20BBAAD212F20E500DEAA3E /* TRPRestKitTests.xctest */ = {isa = PBXFileReference; explicitFileType = wrapper.cfbundle; includeInIndex = 0; path = TRPRestKitTests.xctest; sourceTree = BUILT_PRODUCTS_DIR; };
		B20BBAB1212F20E500DEAA3E /* Info.plist */ = {isa = PBXFileReference; lastKnownFileType = text.plist.xml; path = Info.plist; sourceTree = "<group>"; };
		B20BBAE1212FCA4F00DEAA3E /* TRPParentJsonModelTest.swift */ = {isa = PBXFileReference; lastKnownFileType = sourcecode.swift; path = TRPParentJsonModelTest.swift; sourceTree = "<group>"; };
		B20BBAE4212FD64700DEAA3E /* TRPCityJsonModelTest.swift */ = {isa = PBXFileReference; lastKnownFileType = sourcecode.swift; path = TRPCityJsonModelTest.swift; sourceTree = "<group>"; };
		B20BBAEA213046CB00DEAA3E /* TRPLogin.swift */ = {isa = PBXFileReference; lastKnownFileType = sourcecode.swift; path = TRPLogin.swift; sourceTree = "<group>"; };
		B20BBAEE21304C4F00DEAA3E /* TRPOauthServicesTest.swift */ = {isa = PBXFileReference; lastKnownFileType = sourcecode.swift; path = TRPOauthServicesTest.swift; sourceTree = "<group>"; };
		B20CD9C821357C0800497ED3 /* TRPGetProgramJsonModel.swift */ = {isa = PBXFileReference; fileEncoding = 4; lastKnownFileType = sourcecode.swift; path = TRPGetProgramJsonModel.swift; sourceTree = "<group>"; };
		B20CD9CE213596FB00497ED3 /* TRPDailyPlanInfoModel.swift */ = {isa = PBXFileReference; lastKnownFileType = sourcecode.swift; path = TRPDailyPlanInfoModel.swift; sourceTree = "<group>"; };
		B20CD9D32135DC5700497ED3 /* TRPDailyPlanServices.swift */ = {isa = PBXFileReference; lastKnownFileType = sourcecode.swift; path = TRPDailyPlanServices.swift; sourceTree = "<group>"; };
		B20CD9E521365B2700497ED3 /* TRPPlanPointAlternativeJsonModel.swift */ = {isa = PBXFileReference; lastKnownFileType = sourcecode.swift; path = TRPPlanPointAlternativeJsonModel.swift; sourceTree = "<group>"; };
		B20CD9E721365B3D00497ED3 /* NearByJsonInfoModel.swift */ = {isa = PBXFileReference; lastKnownFileType = sourcecode.swift; path = NearByJsonInfoModel.swift; sourceTree = "<group>"; };
		B20CD9F221368CF800497ED3 /* TRPPlanPoints.swift */ = {isa = PBXFileReference; lastKnownFileType = sourcecode.swift; path = TRPPlanPoints.swift; sourceTree = "<group>"; };
		B20CD9F52136A8E600497ED3 /* TRPProgramStepJsonModel.swift */ = {isa = PBXFileReference; lastKnownFileType = sourcecode.swift; path = TRPProgramStepJsonModel.swift; sourceTree = "<group>"; };
		B20CD9F72136A90B00497ED3 /* TRPPlanPointInfoModel.swift */ = {isa = PBXFileReference; lastKnownFileType = sourcecode.swift; path = TRPPlanPointInfoModel.swift; sourceTree = "<group>"; };
		B20CD9FB2136E23200497ED3 /* TRPFeedback.swift */ = {isa = PBXFileReference; lastKnownFileType = sourcecode.swift; path = TRPFeedback.swift; sourceTree = "<group>"; };
		B20F298621C256970041957B /* TRPFoundationKit.framework */ = {isa = PBXFileReference; explicitFileType = wrapper.framework; path = TRPFoundationKit.framework; sourceTree = BUILT_PRODUCTS_DIR; };
		B20F29AB21C25A730041957B /* TestServerConfig.xcconfig */ = {isa = PBXFileReference; lastKnownFileType = text.xcconfig; path = TestServerConfig.xcconfig; sourceTree = "<group>"; };
		B20F29AC21C25A9C0041957B /* MainConfig.xcconfig */ = {isa = PBXFileReference; lastKnownFileType = text.xcconfig; path = MainConfig.xcconfig; sourceTree = "<group>"; };
		B20F29AD21C25B9B0041957B /* TestServerInfo.plist */ = {isa = PBXFileReference; fileEncoding = 4; lastKnownFileType = text.plist.xml; path = TestServerInfo.plist; sourceTree = "<group>"; };
		B20F29AF21C25C7B0041957B /* Plist.swift */ = {isa = PBXFileReference; lastKnownFileType = sourcecode.swift; path = Plist.swift; sourceTree = "<group>"; };
		B210988D2188AD8F0070946C /* TRPImageResizer.swift */ = {isa = PBXFileReference; lastKnownFileType = sourcecode.swift; path = TRPImageResizer.swift; sourceTree = "<group>"; };
		B215BEFC2131756700659818 /* TRPTripSettings.swift */ = {isa = PBXFileReference; lastKnownFileType = sourcecode.swift; path = TRPTripSettings.swift; sourceTree = "<group>"; };
		B215BEFE2131765B00659818 /* TRPProgram.swift */ = {isa = PBXFileReference; lastKnownFileType = sourcecode.swift; path = TRPProgram.swift; sourceTree = "<group>"; };
		B215BF012131791D00659818 /* TRPMe.swift */ = {isa = PBXFileReference; lastKnownFileType = sourcecode.swift; path = TRPMe.swift; sourceTree = "<group>"; };
		B215BF0621319C9700659818 /* TRPUserMeJsonModel.swift */ = {isa = PBXFileReference; lastKnownFileType = sourcecode.swift; path = TRPUserMeJsonModel.swift; sourceTree = "<group>"; };
		B215BF0821319D6500659818 /* TRPUserInfoModel.swift */ = {isa = PBXFileReference; lastKnownFileType = sourcecode.swift; path = TRPUserInfoModel.swift; sourceTree = "<group>"; };
		B215BF0A2131D18A00659818 /* TRPMyPrograms.swift */ = {isa = PBXFileReference; lastKnownFileType = sourcecode.swift; path = TRPMyPrograms.swift; sourceTree = "<group>"; };
		B215BF0F2131D31700659818 /* TRPUserTripsJsonModel.swift */ = {isa = PBXFileReference; lastKnownFileType = sourcecode.swift; path = TRPUserTripsJsonModel.swift; sourceTree = "<group>"; };
		B215BF112132808A00659818 /* TRPUserTripInfoModel.swift */ = {isa = PBXFileReference; lastKnownFileType = sourcecode.swift; path = TRPUserTripInfoModel.swift; sourceTree = "<group>"; };
		B2179D252133EF87004954A4 /* TRPUserPersistent.swift */ = {isa = PBXFileReference; lastKnownFileType = sourcecode.swift; path = TRPUserPersistent.swift; sourceTree = "<group>"; };
		B2179D272133F3CD004954A4 /* UserTest.swift */ = {isa = PBXFileReference; lastKnownFileType = sourcecode.swift; path = UserTest.swift; sourceTree = "<group>"; };
		B21E1A88220A27DF00EF471F /* TRPGooglePlaceService.swift */ = {isa = PBXFileReference; lastKnownFileType = sourcecode.swift; path = TRPGooglePlaceService.swift; sourceTree = "<group>"; };
		B21E1A8A220A27F500EF471F /* TRPGooglePlaceLocation.swift */ = {isa = PBXFileReference; lastKnownFileType = sourcecode.swift; path = TRPGooglePlaceLocation.swift; sourceTree = "<group>"; };
		B21E1A8C220A281200EF471F /* TRPGoogleAutoComplete.swift */ = {isa = PBXFileReference; lastKnownFileType = sourcecode.swift; path = TRPGoogleAutoComplete.swift; sourceTree = "<group>"; };
		B21E1A8E220A282800EF471F /* TRPGooglePlace.swift */ = {isa = PBXFileReference; lastKnownFileType = sourcecode.swift; path = TRPGooglePlace.swift; sourceTree = "<group>"; };
		B22372232131151900E21532 /* TRPOAuthJsonModel.swift */ = {isa = PBXFileReference; lastKnownFileType = sourcecode.swift; path = TRPOAuthJsonModel.swift; sourceTree = "<group>"; };
		B227F45B216CA2BA00591C70 /* TRPFavoritesJsonModel.swift */ = {isa = PBXFileReference; lastKnownFileType = sourcecode.swift; path = TRPFavoritesJsonModel.swift; sourceTree = "<group>"; };
		B22C8F7922316FF100D18633 /* TRPFoundationKit.framework */ = {isa = PBXFileReference; lastKnownFileType = wrapper.framework; path = TRPFoundationKit.framework; sourceTree = "<group>"; };
		B236885E216BAE0800920DA7 /* TRPUserFavorite.swift */ = {isa = PBXFileReference; lastKnownFileType = sourcecode.swift; path = TRPUserFavorite.swift; sourceTree = "<group>"; };
		B24AEAE421463530003BB0B3 /* TRPCitiesTest.swift */ = {isa = PBXFileReference; lastKnownFileType = sourcecode.swift; path = TRPCitiesTest.swift; sourceTree = "<group>"; };
		B24AEAF121469B94003BB0B3 /* TRPPlaceTypesTest.swift */ = {isa = PBXFileReference; lastKnownFileType = sourcecode.swift; path = TRPPlaceTypesTest.swift; sourceTree = "<group>"; };
		B258872222316F2D00BD6930 /* TRPFoundationKit.framework */ = {isa = PBXFileReference; lastKnownFileType = wrapper.framework; path = TRPFoundationKit.framework; sourceTree = "<group>"; };
		B261A71F22490DEC00D31558 /* TRPReportAProblemServices.swift */ = {isa = PBXFileReference; lastKnownFileType = sourcecode.swift; path = TRPReportAProblemServices.swift; sourceTree = "<group>"; };
		B261A72122490E4C00D31558 /* TRPProblemCategories.swift */ = {isa = PBXFileReference; lastKnownFileType = sourcecode.swift; path = TRPProblemCategories.swift; sourceTree = "<group>"; };
		B261A732224B7E4A00D31558 /* TRPProblemCategoriesJsonModel.swift */ = {isa = PBXFileReference; lastKnownFileType = sourcecode.swift; path = TRPProblemCategoriesJsonModel.swift; sourceTree = "<group>"; };
		B2764A84218AE4EF0069B17E /* Info.plist */ = {isa = PBXFileReference; fileEncoding = 4; lastKnownFileType = text.plist.xml; path = Info.plist; sourceTree = "<group>"; };
		B29B462520F607F90009E711 /* TRPRestKit.framework */ = {isa = PBXFileReference; explicitFileType = wrapper.framework; includeInIndex = 0; path = TRPRestKit.framework; sourceTree = BUILT_PRODUCTS_DIR; };
		B29B462820F607F90009E711 /* TRPRestKit.h */ = {isa = PBXFileReference; lastKnownFileType = sourcecode.c.h; path = TRPRestKit.h; sourceTree = "<group>"; };
		B29B463620F60A630009E711 /* TRPClient.swift */ = {isa = PBXFileReference; lastKnownFileType = sourcecode.swift; path = TRPClient.swift; sourceTree = "<group>"; };
		B29B463A20F60A910009E711 /* TRPConfig.swift */ = {isa = PBXFileReference; lastKnownFileType = sourcecode.swift; path = TRPConfig.swift; sourceTree = "<group>"; };
		B29B463C20F60AAB0009E711 /* TRPTime.swift */ = {isa = PBXFileReference; lastKnownFileType = sourcecode.swift; path = TRPTime.swift; sourceTree = "<group>"; };
		B29B463E20F60AC30009E711 /* TRPRestKit.swift */ = {isa = PBXFileReference; lastKnownFileType = sourcecode.swift; path = TRPRestKit.swift; sourceTree = "<group>"; };
		B29B464020F60ADF0009E711 /* Pagination.swift */ = {isa = PBXFileReference; lastKnownFileType = sourcecode.swift; path = Pagination.swift; sourceTree = "<group>"; };
		B29B464420F60B090009E711 /* TRPUpdateTypeModel.swift */ = {isa = PBXFileReference; lastKnownFileType = sourcecode.swift; path = TRPUpdateTypeModel.swift; sourceTree = "<group>"; };
		B29B464820F60BF80009E711 /* TRPCoordinateModel.swift */ = {isa = PBXFileReference; lastKnownFileType = sourcecode.swift; path = TRPCoordinateModel.swift; sourceTree = "<group>"; };
		B29B464A20F60C0D0009E711 /* TRPParentJsonModel.swift */ = {isa = PBXFileReference; lastKnownFileType = sourcecode.swift; path = TRPParentJsonModel.swift; sourceTree = "<group>"; };
		B29B465020F60C500009E711 /* TRPGRoutesResultJsonModel.swift */ = {isa = PBXFileReference; lastKnownFileType = sourcecode.swift; path = TRPGRoutesResultJsonModel.swift; sourceTree = "<group>"; };
		B29B465220F60C630009E711 /* TRPGRoutesResultWalkDriveJsonModel.swift */ = {isa = PBXFileReference; lastKnownFileType = sourcecode.swift; path = TRPGRoutesResultWalkDriveJsonModel.swift; sourceTree = "<group>"; };
		B29B465420F60C740009E711 /* TRPGRoutesResultInfoJsonModel.swift */ = {isa = PBXFileReference; lastKnownFileType = sourcecode.swift; path = TRPGRoutesResultInfoJsonModel.swift; sourceTree = "<group>"; };
		B29B465620F60C890009E711 /* TRPGRoutesResultTextValueJsonModel.swift */ = {isa = PBXFileReference; lastKnownFileType = sourcecode.swift; path = TRPGRoutesResultTextValueJsonModel.swift; sourceTree = "<group>"; };
		B29B465920F60CA90009E711 /* TRPRoutesResultPlaceJsonModel.swift */ = {isa = PBXFileReference; lastKnownFileType = sourcecode.swift; path = TRPRoutesResultPlaceJsonModel.swift; sourceTree = "<group>"; };
		B29B465B20F60CBB0009E711 /* TRPRoutesResultTravelDetailsJsonModel.swift */ = {isa = PBXFileReference; lastKnownFileType = sourcecode.swift; path = TRPRoutesResultTravelDetailsJsonModel.swift; sourceTree = "<group>"; };
		B29B465D20F60CCB0009E711 /* TRPRoutesResultTravelJsonModel.swift */ = {isa = PBXFileReference; lastKnownFileType = sourcecode.swift; path = TRPRoutesResultTravelJsonModel.swift; sourceTree = "<group>"; };
		B29B465F20F60CDD0009E711 /* TRPRoutesResultStepsJsonModel.swift */ = {isa = PBXFileReference; lastKnownFileType = sourcecode.swift; path = TRPRoutesResultStepsJsonModel.swift; sourceTree = "<group>"; };
		B29B466120F60CEF0009E711 /* TRPRoutesResultDaysJsonModel.swift */ = {isa = PBXFileReference; lastKnownFileType = sourcecode.swift; path = TRPRoutesResultDaysJsonModel.swift; sourceTree = "<group>"; };
		B29B466320F60D000009E711 /* TRPRoutesResultParamsJsonModel.swift */ = {isa = PBXFileReference; lastKnownFileType = sourcecode.swift; path = TRPRoutesResultParamsJsonModel.swift; sourceTree = "<group>"; };
		B29B466520F60D120009E711 /* TRPRoutesResultDataJsonModel.swift */ = {isa = PBXFileReference; lastKnownFileType = sourcecode.swift; path = TRPRoutesResultDataJsonModel.swift; sourceTree = "<group>"; };
		B29B466820F60D290009E711 /* TRPRoutesResultJsonModel.swift */ = {isa = PBXFileReference; lastKnownFileType = sourcecode.swift; path = TRPRoutesResultJsonModel.swift; sourceTree = "<group>"; };
		B29B466B20F60D450009E711 /* TRPGrouteWaitModel.swift */ = {isa = PBXFileReference; lastKnownFileType = sourcecode.swift; path = TRPGrouteWaitModel.swift; sourceTree = "<group>"; };
		B29B466D20F60D550009E711 /* TRPGrouteWaitInfoModel.swift */ = {isa = PBXFileReference; lastKnownFileType = sourcecode.swift; path = TRPGrouteWaitInfoModel.swift; sourceTree = "<group>"; };
		B29B467020F60EE70009E711 /* TRPRoutesJsonModel.swift */ = {isa = PBXFileReference; lastKnownFileType = sourcecode.swift; path = TRPRoutesJsonModel.swift; sourceTree = "<group>"; };
		B29B467220F60EF70009E711 /* TRPRoutesInfoJsonModel.swift */ = {isa = PBXFileReference; lastKnownFileType = sourcecode.swift; path = TRPRoutesInfoJsonModel.swift; sourceTree = "<group>"; };
		B29B467420F60F070009E711 /* TRPRoutesTimeJsonModel.swift */ = {isa = PBXFileReference; lastKnownFileType = sourcecode.swift; path = TRPRoutesTimeJsonModel.swift; sourceTree = "<group>"; };
		B29B467720F60F220009E711 /* TRPRecommendationJsonModel.swift */ = {isa = PBXFileReference; lastKnownFileType = sourcecode.swift; path = TRPRecommendationJsonModel.swift; sourceTree = "<group>"; };
		B29B467920F60F320009E711 /* TRPRecommendationInfoJsonModel.swift */ = {isa = PBXFileReference; lastKnownFileType = sourcecode.swift; path = TRPRecommendationInfoJsonModel.swift; sourceTree = "<group>"; };
		B29B467E20F60F5C0009E711 /* TRPTripQuestionJsonModel.swift */ = {isa = PBXFileReference; lastKnownFileType = sourcecode.swift; path = TRPTripQuestionJsonModel.swift; sourceTree = "<group>"; };
		B29B468020F60F6A0009E711 /* TRPTripQuestionInfoModel.swift */ = {isa = PBXFileReference; lastKnownFileType = sourcecode.swift; path = TRPTripQuestionInfoModel.swift; sourceTree = "<group>"; };
		B29B468220F60F7C0009E711 /* TRPQuestionOptionsJsonModel.swift */ = {isa = PBXFileReference; lastKnownFileType = sourcecode.swift; path = TRPQuestionOptionsJsonModel.swift; sourceTree = "<group>"; };
		B29B468520F60F970009E711 /* TRPPoiJsonModel.swift */ = {isa = PBXFileReference; lastKnownFileType = sourcecode.swift; path = TRPPoiJsonModel.swift; sourceTree = "<group>"; };
		B29B468720F60FA70009E711 /* TRPPoiInfoModel.swift */ = {isa = PBXFileReference; lastKnownFileType = sourcecode.swift; path = TRPPoiInfoModel.swift; sourceTree = "<group>"; };
		B29B468A20F60FC20009E711 /* TRPPlaceTypeJsonModel.swift */ = {isa = PBXFileReference; lastKnownFileType = sourcecode.swift; path = TRPPlaceTypeJsonModel.swift; sourceTree = "<group>"; };
		B29B468C20F60FD30009E711 /* TRPCategoryInfoModel.swift */ = {isa = PBXFileReference; lastKnownFileType = sourcecode.swift; path = TRPCategoryInfoModel.swift; sourceTree = "<group>"; };
		B29B468F20F60FEB0009E711 /* TRPCityJsonModel.swift */ = {isa = PBXFileReference; lastKnownFileType = sourcecode.swift; path = TRPCityJsonModel.swift; sourceTree = "<group>"; };
		B29B469120F60FFB0009E711 /* TRPCityInfoModel.swift */ = {isa = PBXFileReference; lastKnownFileType = sourcecode.swift; path = TRPCityInfoModel.swift; sourceTree = "<group>"; };
		B29B469320F6100C0009E711 /* TRPCountryJsonModel.swift */ = {isa = PBXFileReference; lastKnownFileType = sourcecode.swift; path = TRPCountryJsonModel.swift; sourceTree = "<group>"; };
		B29B469620F610280009E711 /* TRPTagsJsonModel.swift */ = {isa = PBXFileReference; lastKnownFileType = sourcecode.swift; path = TRPTagsJsonModel.swift; sourceTree = "<group>"; };
		B29B469820F610370009E711 /* TRPTagsInfoModel.swift */ = {isa = PBXFileReference; lastKnownFileType = sourcecode.swift; path = TRPTagsInfoModel.swift; sourceTree = "<group>"; };
		B29B469B20F6104F0009E711 /* TRPCheckUpdateJsonModel.swift */ = {isa = PBXFileReference; lastKnownFileType = sourcecode.swift; path = TRPCheckUpdateJsonModel.swift; sourceTree = "<group>"; };
		B29B469D20F613150009E711 /* TRPNetwork.swift */ = {isa = PBXFileReference; lastKnownFileType = sourcecode.swift; path = TRPNetwork.swift; sourceTree = "<group>"; };
		B29B469F20F613300009E711 /* TRPNetworkError.swift */ = {isa = PBXFileReference; lastKnownFileType = sourcecode.swift; path = TRPNetworkError.swift; sourceTree = "<group>"; };
		B29B46A120F613430009E711 /* TRPRequestMode.swift */ = {isa = PBXFileReference; lastKnownFileType = sourcecode.swift; path = TRPRequestMode.swift; sourceTree = "<group>"; };
		B29B46A320F613690009E711 /* TRPCities.swift */ = {isa = PBXFileReference; lastKnownFileType = sourcecode.swift; path = TRPCities.swift; sourceTree = "<group>"; };
		B29B46A520F6137C0009E711 /* PoiCategories.swift */ = {isa = PBXFileReference; lastKnownFileType = sourcecode.swift; path = PoiCategories.swift; sourceTree = "<group>"; };
		B29B46A720F6138D0009E711 /* TRPPlace.swift */ = {isa = PBXFileReference; lastKnownFileType = sourcecode.swift; path = TRPPlace.swift; sourceTree = "<group>"; };
		B29B46A920F613A00009E711 /* TRPTripQuestion.swift */ = {isa = PBXFileReference; lastKnownFileType = sourcecode.swift; path = TRPTripQuestion.swift; sourceTree = "<group>"; };
		B29B46AB20F613B30009E711 /* TRPRecommendation.swift */ = {isa = PBXFileReference; lastKnownFileType = sourcecode.swift; path = TRPRecommendation.swift; sourceTree = "<group>"; };
		B29B46AD20F613C70009E711 /* TRPRecommendationSettings.swift */ = {isa = PBXFileReference; lastKnownFileType = sourcecode.swift; path = TRPRecommendationSettings.swift; sourceTree = "<group>"; };
		B29B46AF20F613D80009E711 /* TRPRestServices.swift */ = {isa = PBXFileReference; lastKnownFileType = sourcecode.swift; path = TRPRestServices.swift; sourceTree = "<group>"; };
		B29B46B120F613EC0009E711 /* TRPTags.swift */ = {isa = PBXFileReference; lastKnownFileType = sourcecode.swift; path = TRPTags.swift; sourceTree = "<group>"; };
		B29B46B320F613FE0009E711 /* TRPCheckDataUpdates.swift */ = {isa = PBXFileReference; lastKnownFileType = sourcecode.swift; path = TRPCheckDataUpdates.swift; sourceTree = "<group>"; };
		B29B46BC20F6144B0009E711 /* TRPRoutesResult.swift */ = {isa = PBXFileReference; lastKnownFileType = sourcecode.swift; path = TRPRoutesResult.swift; sourceTree = "<group>"; };
		B29B46BE20F6145B0009E711 /* TRPGrouteResult.swift */ = {isa = PBXFileReference; lastKnownFileType = sourcecode.swift; path = TRPGrouteResult.swift; sourceTree = "<group>"; };
		B29B46C020F6146D0009E711 /* TRPPlanPointAlternatives.swift */ = {isa = PBXFileReference; lastKnownFileType = sourcecode.swift; path = TRPPlanPointAlternatives.swift; sourceTree = "<group>"; };
		B2AEF1B821A7E52500824D1F /* TRPPoiAddRouteInfoModel.swift */ = {isa = PBXFileReference; lastKnownFileType = sourcecode.swift; path = TRPPoiAddRouteInfoModel.swift; sourceTree = "<group>"; };
		B2AEF1BB21A7E58700824D1F /* TRPPoiAddRouteJsonModel.swift */ = {isa = PBXFileReference; lastKnownFileType = sourcecode.swift; path = TRPPoiAddRouteJsonModel.swift; sourceTree = "<group>"; };
		B2E0D1EC2148584900876D81 /* TRPUserPreferencesTest.swift */ = {isa = PBXFileReference; lastKnownFileType = sourcecode.swift; path = TRPUserPreferencesTest.swift; sourceTree = "<group>"; };
		B2E0D1EE21485BB400876D81 /* TRPTripTest.swift */ = {isa = PBXFileReference; lastKnownFileType = sourcecode.swift; path = TRPTripTest.swift; sourceTree = "<group>"; };
		B2E0D1F02148DA0300876D81 /* TRPDayPlanTest.swift */ = {isa = PBXFileReference; lastKnownFileType = sourcecode.swift; path = TRPDayPlanTest.swift; sourceTree = "<group>"; };
		B2E0D1F22149193E00876D81 /* TRPPlanPoints.swift */ = {isa = PBXFileReference; lastKnownFileType = sourcecode.swift; path = TRPPlanPoints.swift; sourceTree = "<group>"; };
		B2E0D1F421491D2300876D81 /* TRPDayPlanJsonModel.swift */ = {isa = PBXFileReference; fileEncoding = 4; lastKnownFileType = sourcecode.swift; path = TRPDayPlanJsonModel.swift; sourceTree = "<group>"; };
		B2E0D1F721491DF000876D81 /* TRPTripJsonModel.swift */ = {isa = PBXFileReference; lastKnownFileType = sourcecode.swift; path = TRPTripJsonModel.swift; sourceTree = "<group>"; };
		B2E0D1F921491E0000876D81 /* TRPTripInfoModel.swift */ = {isa = PBXFileReference; lastKnownFileType = sourcecode.swift; path = TRPTripInfoModel.swift; sourceTree = "<group>"; };
		B2E0D1FE2149244A00876D81 /* TRPPlanPoi.swift */ = {isa = PBXFileReference; lastKnownFileType = sourcecode.swift; path = TRPPlanPoi.swift; sourceTree = "<group>"; };
		B2E0D20021492B9C00876D81 /* TRPPlanPointAlternativeTest.swift */ = {isa = PBXFileReference; lastKnownFileType = sourcecode.swift; path = TRPPlanPointAlternativeTest.swift; sourceTree = "<group>"; };
		B2E0D20221492FA100876D81 /* TRPRecommendationTest.swift */ = {isa = PBXFileReference; lastKnownFileType = sourcecode.swift; path = TRPRecommendationTest.swift; sourceTree = "<group>"; };
		B2FDCFB421469EF0000C9387 /* TRPPlacesTest.swift */ = {isa = PBXFileReference; lastKnownFileType = sourcecode.swift; path = TRPPlacesTest.swift; sourceTree = "<group>"; };
		B2FDCFB62147C95A000C9387 /* TRPTripQuestionTest.swift */ = {isa = PBXFileReference; lastKnownFileType = sourcecode.swift; path = TRPTripQuestionTest.swift; sourceTree = "<group>"; };
		B2FDCFB82147EE41000C9387 /* TRPLoginJsonModel.swift */ = {isa = PBXFileReference; lastKnownFileType = sourcecode.swift; path = TRPLoginJsonModel.swift; sourceTree = "<group>"; };
		B2FDCFBA2147F608000C9387 /* TRPUserTest.swift */ = {isa = PBXFileReference; lastKnownFileType = sourcecode.swift; path = TRPUserTest.swift; sourceTree = "<group>"; };
		B2FDCFBC2147FA45000C9387 /* TRPUserRegister.swift */ = {isa = PBXFileReference; lastKnownFileType = sourcecode.swift; path = TRPUserRegister.swift; sourceTree = "<group>"; };
		B2FE502D21354BD600CDC79E /* TRPGetProgram.swift */ = {isa = PBXFileReference; lastKnownFileType = sourcecode.swift; path = TRPGetProgram.swift; sourceTree = "<group>"; };
		B2FE503521356EE700CDC79E /* TRPDeleteProgram.swift */ = {isa = PBXFileReference; lastKnownFileType = sourcecode.swift; path = TRPDeleteProgram.swift; sourceTree = "<group>"; };
/* End PBXFileReference section */

/* Begin PBXFrameworksBuildPhase section */
		B20BBAAA212F20E500DEAA3E /* Frameworks */ = {
			isa = PBXFrameworksBuildPhase;
			buildActionMask = 2147483647;
			files = (
				B20BBAB2212F20E500DEAA3E /* TRPRestKit.framework in Frameworks */,
			);
			runOnlyForDeploymentPostprocessing = 0;
		};
		B29B462220F607F90009E711 /* Frameworks */ = {
			isa = PBXFrameworksBuildPhase;
			buildActionMask = 2147483647;
			files = (
				B22C8F7522316F5600D18633 /* TRPFoundationKit.framework in Frameworks */,
			);
			runOnlyForDeploymentPostprocessing = 0;
		};
/* End PBXFrameworksBuildPhase section */

/* Begin PBXGroup section */
		B20BBAAE212F20E500DEAA3E /* TRPRestKitTests */ = {
			isa = PBXGroup;
			children = (
				B24AEAE12146337A003BB0B3 /* Services */,
				B20BBAE3212FD5EF00DEAA3E /* Model */,
				B20BBAB1212F20E500DEAA3E /* Info.plist */,
				B2179D272133F3CD004954A4 /* UserTest.swift */,
			);
			path = TRPRestKitTests;
			sourceTree = "<group>";
		};
		B20BBAE3212FD5EF00DEAA3E /* Model */ = {
			isa = PBXGroup;
			children = (
				B20BBAE1212FCA4F00DEAA3E /* TRPParentJsonModelTest.swift */,
				B20BBAE4212FD64700DEAA3E /* TRPCityJsonModelTest.swift */,
				B20BBAEE21304C4F00DEAA3E /* TRPOauthServicesTest.swift */,
			);
			path = Model;
			sourceTree = "<group>";
		};
		B20CD9CA2135942500497ED3 /* ProgramDay */ = {
			isa = PBXGroup;
			children = (
				B20CD9D32135DC5700497ED3 /* TRPDailyPlanServices.swift */,
			);
			path = ProgramDay;
			sourceTree = "<group>";
		};
		B20CD9CD213596DB00497ED3 /* DayPlan */ = {
			isa = PBXGroup;
			children = (
				B2E0D1F421491D2300876D81 /* TRPDayPlanJsonModel.swift */,
				B20CD9CE213596FB00497ED3 /* TRPDailyPlanInfoModel.swift */,
			);
			path = DayPlan;
			sourceTree = "<group>";
		};
		B20CD9E421365B1500497ED3 /* NearBy */ = {
			isa = PBXGroup;
			children = (
				B20CD9E521365B2700497ED3 /* TRPPlanPointAlternativeJsonModel.swift */,
				B20CD9E721365B3D00497ED3 /* NearByJsonInfoModel.swift */,
			);
			path = NearBy;
			sourceTree = "<group>";
		};
		B20CD9F121368BFC00497ED3 /* PlanPoints */ = {
			isa = PBXGroup;
			children = (
				B20CD9F221368CF800497ED3 /* TRPPlanPoints.swift */,
			);
			path = PlanPoints;
			sourceTree = "<group>";
		};
		B20CD9F42136A8D000497ED3 /* ProgramStep */ = {
			isa = PBXGroup;
			children = (
				B20CD9F52136A8E600497ED3 /* TRPProgramStepJsonModel.swift */,
				B20CD9F72136A90B00497ED3 /* TRPPlanPointInfoModel.swift */,
			);
			path = ProgramStep;
			sourceTree = "<group>";
		};
		B215BEFB2131754B00659818 /* Program */ = {
			isa = PBXGroup;
			children = (
				B215BEFC2131756700659818 /* TRPTripSettings.swift */,
				B215BEFE2131765B00659818 /* TRPProgram.swift */,
				B2FE502D21354BD600CDC79E /* TRPGetProgram.swift */,
				B2FE503521356EE700CDC79E /* TRPDeleteProgram.swift */,
			);
			path = Program;
			sourceTree = "<group>";
		};
		B215BF00213178BF00659818 /* User */ = {
			isa = PBXGroup;
			children = (
				B20BBAEA213046CB00DEAA3E /* TRPLogin.swift */,
				B215BF012131791D00659818 /* TRPMe.swift */,
				B215BF0A2131D18A00659818 /* TRPMyPrograms.swift */,
				B2FDCFBC2147FA45000C9387 /* TRPUserRegister.swift */,
				B236885E216BAE0800920DA7 /* TRPUserFavorite.swift */,
			);
			path = User;
			sourceTree = "<group>";
		};
		B215BF0521319C8300659818 /* UserMe */ = {
			isa = PBXGroup;
			children = (
				B215BF0621319C9700659818 /* TRPUserMeJsonModel.swift */,
				B215BF0821319D6500659818 /* TRPUserInfoModel.swift */,
			);
			path = UserMe;
			sourceTree = "<group>";
		};
		B215BF0E2131D2F300659818 /* UserTrips */ = {
			isa = PBXGroup;
			children = (
				B215BF0F2131D31700659818 /* TRPUserTripsJsonModel.swift */,
				B215BF112132808A00659818 /* TRPUserTripInfoModel.swift */,
			);
			path = UserTrips;
			sourceTree = "<group>";
		};
		B21E1A87220A27CF00EF471F /* Google Place */ = {
			isa = PBXGroup;
			children = (
				B21E1A88220A27DF00EF471F /* TRPGooglePlaceService.swift */,
				B21E1A8A220A27F500EF471F /* TRPGooglePlaceLocation.swift */,
				B21E1A8C220A281200EF471F /* TRPGoogleAutoComplete.swift */,
				B21E1A8E220A282800EF471F /* TRPGooglePlace.swift */,
			);
			path = "Google Place";
			sourceTree = "<group>";
		};
		B2237222213114FE00E21532 /* OAuth */ = {
			isa = PBXGroup;
			children = (
				B22372232131151900E21532 /* TRPOAuthJsonModel.swift */,
				B2FDCFB82147EE41000C9387 /* TRPLoginJsonModel.swift */,
			);
			path = OAuth;
			sourceTree = "<group>";
		};
		B227F459216CA2A300591C70 /* Favorites */ = {
			isa = PBXGroup;
			children = (
				B227F45B216CA2BA00591C70 /* TRPFavoritesJsonModel.swift */,
			);
			path = Favorites;
			sourceTree = "<group>";
		};
		B2373F87218B2FD700CAB14F /* Frameworks */ = {
			isa = PBXGroup;
			children = (
				B258872222316F2D00BD6930 /* TRPFoundationKit.framework */,
				B20F298621C256970041957B /* TRPFoundationKit.framework */,
			);
			name = Frameworks;
			sourceTree = "<group>";
		};
		B24AEAE12146337A003BB0B3 /* Services */ = {
			isa = PBXGroup;
			children = (
				B24AEAE421463530003BB0B3 /* TRPCitiesTest.swift */,
				B24AEAF121469B94003BB0B3 /* TRPPlaceTypesTest.swift */,
				B2FDCFB421469EF0000C9387 /* TRPPlacesTest.swift */,
				B2FDCFB62147C95A000C9387 /* TRPTripQuestionTest.swift */,
				B2FDCFBA2147F608000C9387 /* TRPUserTest.swift */,
				B2E0D1EC2148584900876D81 /* TRPUserPreferencesTest.swift */,
				B2E0D1EE21485BB400876D81 /* TRPTripTest.swift */,
				B2E0D1F02148DA0300876D81 /* TRPDayPlanTest.swift */,
				B2E0D1F22149193E00876D81 /* TRPPlanPoints.swift */,
				B2E0D20021492B9C00876D81 /* TRPPlanPointAlternativeTest.swift */,
				B2E0D20221492FA100876D81 /* TRPRecommendationTest.swift */,
			);
			path = Services;
			sourceTree = "<group>";
		};
		B261A71E22490DCA00D31558 /* ReportAProblem */ = {
			isa = PBXGroup;
			children = (
				B261A71F22490DEC00D31558 /* TRPReportAProblemServices.swift */,
				B261A72122490E4C00D31558 /* TRPProblemCategories.swift */,
			);
			path = ReportAProblem;
			sourceTree = "<group>";
		};
		B261A731224B7E3500D31558 /* ProblemCategories */ = {
			isa = PBXGroup;
			children = (
				B261A732224B7E4A00D31558 /* TRPProblemCategoriesJsonModel.swift */,
			);
			path = ProblemCategories;
			sourceTree = "<group>";
		};
		B29B461B20F607F90009E711 = {
			isa = PBXGroup;
			children = (
				B20F29AC21C25A9C0041957B /* MainConfig.xcconfig */,
				B20F29AB21C25A730041957B /* TestServerConfig.xcconfig */,
				B22C8F7922316FF100D18633 /* TRPFoundationKit.framework */,
				B29B462720F607F90009E711 /* TRPRestKit */,
				B20BBAAE212F20E500DEAA3E /* TRPRestKitTests */,
				B29B462620F607F90009E711 /* Products */,
				B2373F87218B2FD700CAB14F /* Frameworks */,
			);
			sourceTree = "<group>";
		};
		B29B462620F607F90009E711 /* Products */ = {
			isa = PBXGroup;
			children = (
				B29B462520F607F90009E711 /* TRPRestKit.framework */,
				B20BBAAD212F20E500DEAA3E /* TRPRestKitTests.xctest */,
			);
			name = Products;
			sourceTree = "<group>";
		};
		B29B462720F607F90009E711 /* TRPRestKit */ = {
			isa = PBXGroup;
			children = (
				B20F29AD21C25B9B0041957B /* TestServerInfo.plist */,
				B2764A84218AE4EF0069B17E /* Info.plist */,
				B29B463520F60A390009E711 /* Model */,
				B29B463420F60A310009E711 /* Network */,
				B29B463320F60A290009E711 /* Resource */,
				B29B463220F60A1F0009E711 /* Services */,
				B29B463620F60A630009E711 /* TRPClient.swift */,
				B29B463A20F60A910009E711 /* TRPConfig.swift */,
				B29B463C20F60AAB0009E711 /* TRPTime.swift */,
				B29B463E20F60AC30009E711 /* TRPRestKit.swift */,
				B29B464020F60ADF0009E711 /* Pagination.swift */,
				B29B464420F60B090009E711 /* TRPUpdateTypeModel.swift */,
				B2179D252133EF87004954A4 /* TRPUserPersistent.swift */,
				B210988D2188AD8F0070946C /* TRPImageResizer.swift */,
				B20F29AF21C25C7B0041957B /* Plist.swift */,
			);
			path = TRPRestKit;
			sourceTree = "<group>";
		};
		B29B463220F60A1F0009E711 /* Services */ = {
			isa = PBXGroup;
			children = (
				B261A71E22490DCA00D31558 /* ReportAProblem */,
				B21E1A87220A27CF00EF471F /* Google Place */,
				B20CD9F121368BFC00497ED3 /* PlanPoints */,
				B20CD9CA2135942500497ED3 /* ProgramDay */,
				B215BF00213178BF00659818 /* User */,
				B215BEFB2131754B00659818 /* Program */,
				B29B46B720F614200009E711 /* Routers */,
				B29B46A320F613690009E711 /* TRPCities.swift */,
				B29B46C020F6146D0009E711 /* TRPPlanPointAlternatives.swift */,
				B29B46A520F6137C0009E711 /* PoiCategories.swift */,
				B29B46A720F6138D0009E711 /* TRPPlace.swift */,
				B29B46A920F613A00009E711 /* TRPTripQuestion.swift */,
				B29B46AB20F613B30009E711 /* TRPRecommendation.swift */,
				B29B46AD20F613C70009E711 /* TRPRecommendationSettings.swift */,
				B29B46AF20F613D80009E711 /* TRPRestServices.swift */,
				B29B46B120F613EC0009E711 /* TRPTags.swift */,
				B29B46B320F613FE0009E711 /* TRPCheckDataUpdates.swift */,
				B20CD9FB2136E23200497ED3 /* TRPFeedback.swift */,
			);
			path = Services;
			sourceTree = "<group>";
		};
		B29B463320F60A290009E711 /* Resource */ = {
			isa = PBXGroup;
			children = (
				B29B462820F607F90009E711 /* TRPRestKit.h */,
			);
			path = Resource;
			sourceTree = "<group>";
		};
		B29B463420F60A310009E711 /* Network */ = {
			isa = PBXGroup;
			children = (
				B29B469D20F613150009E711 /* TRPNetwork.swift */,
				B29B469F20F613300009E711 /* TRPNetworkError.swift */,
				B29B46A120F613430009E711 /* TRPRequestMode.swift */,
			);
			path = Network;
			sourceTree = "<group>";
		};
		B29B463520F60A390009E711 /* Model */ = {
			isa = PBXGroup;
			children = (
				B261A731224B7E3500D31558 /* ProblemCategories */,
				B227F459216CA2A300591C70 /* Favorites */,
				B2E0D1FB21491E7D00876D81 /* Common */,
				B2E0D1F621491DE400876D81 /* Trip */,
				B20CD9F42136A8D000497ED3 /* ProgramStep */,
				B20CD9E421365B1500497ED3 /* NearBy */,
				B20CD9CD213596DB00497ED3 /* DayPlan */,
				B2FE502F21354F2500CDC79E /* GetProgram */,
				B215BF0E2131D2F300659818 /* UserTrips */,
				B215BF0521319C8300659818 /* UserMe */,
				B2237222213114FE00E21532 /* OAuth */,
				B29B469A20F610430009E711 /* Update */,
				B29B469520F6101D0009E711 /* Tags */,
				B29B468E20F60FE10009E711 /* City */,
				B29B468920F60FB80009E711 /* Type */,
				B29B468420F60F8D0009E711 /* Place */,
				B29B467D20F60F500009E711 /* Questions */,
				B29B467620F60F170009E711 /* Recommendation */,
				B29B466F20F60EDC0009E711 /* Routes */,
				B29B465820F60C990009E711 /* RoutesResult */,
				B29B464F20F60C450009E711 /* GRouteResult */,
				B29B464820F60BF80009E711 /* TRPCoordinateModel.swift */,
				B29B464A20F60C0D0009E711 /* TRPParentJsonModel.swift */,
				B2AEF1B821A7E52500824D1F /* TRPPoiAddRouteInfoModel.swift */,
				B2AEF1BB21A7E58700824D1F /* TRPPoiAddRouteJsonModel.swift */,
			);
			path = Model;
			sourceTree = "<group>";
		};
		B29B464F20F60C450009E711 /* GRouteResult */ = {
			isa = PBXGroup;
			children = (
				B29B465020F60C500009E711 /* TRPGRoutesResultJsonModel.swift */,
				B29B465220F60C630009E711 /* TRPGRoutesResultWalkDriveJsonModel.swift */,
				B29B465420F60C740009E711 /* TRPGRoutesResultInfoJsonModel.swift */,
				B29B465620F60C890009E711 /* TRPGRoutesResultTextValueJsonModel.swift */,
			);
			path = GRouteResult;
			sourceTree = "<group>";
		};
		B29B465820F60C990009E711 /* RoutesResult */ = {
			isa = PBXGroup;
			children = (
				B29B466A20F60D390009E711 /* Wait */,
				B29B465920F60CA90009E711 /* TRPRoutesResultPlaceJsonModel.swift */,
				B29B465B20F60CBB0009E711 /* TRPRoutesResultTravelDetailsJsonModel.swift */,
				B29B465D20F60CCB0009E711 /* TRPRoutesResultTravelJsonModel.swift */,
				B29B465F20F60CDD0009E711 /* TRPRoutesResultStepsJsonModel.swift */,
				B29B466120F60CEF0009E711 /* TRPRoutesResultDaysJsonModel.swift */,
				B29B466320F60D000009E711 /* TRPRoutesResultParamsJsonModel.swift */,
				B29B466520F60D120009E711 /* TRPRoutesResultDataJsonModel.swift */,
				B29B466820F60D290009E711 /* TRPRoutesResultJsonModel.swift */,
			);
			path = RoutesResult;
			sourceTree = "<group>";
		};
		B29B466A20F60D390009E711 /* Wait */ = {
			isa = PBXGroup;
			children = (
				B29B466B20F60D450009E711 /* TRPGrouteWaitModel.swift */,
				B29B466D20F60D550009E711 /* TRPGrouteWaitInfoModel.swift */,
			);
			path = Wait;
			sourceTree = "<group>";
		};
		B29B466F20F60EDC0009E711 /* Routes */ = {
			isa = PBXGroup;
			children = (
				B29B467020F60EE70009E711 /* TRPRoutesJsonModel.swift */,
				B29B467220F60EF70009E711 /* TRPRoutesInfoJsonModel.swift */,
				B29B467420F60F070009E711 /* TRPRoutesTimeJsonModel.swift */,
			);
			path = Routes;
			sourceTree = "<group>";
		};
		B29B467620F60F170009E711 /* Recommendation */ = {
			isa = PBXGroup;
			children = (
				B29B467720F60F220009E711 /* TRPRecommendationJsonModel.swift */,
				B29B467920F60F320009E711 /* TRPRecommendationInfoJsonModel.swift */,
			);
			path = Recommendation;
			sourceTree = "<group>";
		};
		B29B467D20F60F500009E711 /* Questions */ = {
			isa = PBXGroup;
			children = (
				B29B467E20F60F5C0009E711 /* TRPTripQuestionJsonModel.swift */,
				B29B468020F60F6A0009E711 /* TRPTripQuestionInfoModel.swift */,
				B29B468220F60F7C0009E711 /* TRPQuestionOptionsJsonModel.swift */,
			);
			path = Questions;
			sourceTree = "<group>";
		};
		B29B468420F60F8D0009E711 /* Place */ = {
			isa = PBXGroup;
			children = (
				B29B468520F60F970009E711 /* TRPPoiJsonModel.swift */,
				B29B468720F60FA70009E711 /* TRPPoiInfoModel.swift */,
			);
			path = Place;
			sourceTree = "<group>";
		};
		B29B468920F60FB80009E711 /* Type */ = {
			isa = PBXGroup;
			children = (
				B29B468A20F60FC20009E711 /* TRPPlaceTypeJsonModel.swift */,
				B29B468C20F60FD30009E711 /* TRPCategoryInfoModel.swift */,
			);
			path = Type;
			sourceTree = "<group>";
		};
		B29B468E20F60FE10009E711 /* City */ = {
			isa = PBXGroup;
			children = (
				B29B468F20F60FEB0009E711 /* TRPCityJsonModel.swift */,
				B29B469120F60FFB0009E711 /* TRPCityInfoModel.swift */,
				B29B469320F6100C0009E711 /* TRPCountryJsonModel.swift */,
			);
			path = City;
			sourceTree = "<group>";
		};
		B29B469520F6101D0009E711 /* Tags */ = {
			isa = PBXGroup;
			children = (
				B29B469620F610280009E711 /* TRPTagsJsonModel.swift */,
				B29B469820F610370009E711 /* TRPTagsInfoModel.swift */,
			);
			path = Tags;
			sourceTree = "<group>";
		};
		B29B469A20F610430009E711 /* Update */ = {
			isa = PBXGroup;
			children = (
				B29B469B20F6104F0009E711 /* TRPCheckUpdateJsonModel.swift */,
			);
			path = Update;
			sourceTree = "<group>";
		};
		B29B46B720F614200009E711 /* Routers */ = {
			isa = PBXGroup;
			children = (
				B29B46BC20F6144B0009E711 /* TRPRoutesResult.swift */,
				B29B46BE20F6145B0009E711 /* TRPGrouteResult.swift */,
			);
			path = Routers;
			sourceTree = "<group>";
		};
		B2E0D1F621491DE400876D81 /* Trip */ = {
			isa = PBXGroup;
			children = (
				B2E0D1F721491DF000876D81 /* TRPTripJsonModel.swift */,
				B2E0D1F921491E0000876D81 /* TRPTripInfoModel.swift */,
			);
			path = Trip;
			sourceTree = "<group>";
		};
		B2E0D1FB21491E7D00876D81 /* Common */ = {
			isa = PBXGroup;
			children = (
				B2E0D1FE2149244A00876D81 /* TRPPlanPoi.swift */,
			);
			path = Common;
			sourceTree = "<group>";
		};
		B2FE502F21354F2500CDC79E /* GetProgram */ = {
			isa = PBXGroup;
			children = (
				B20CD9C821357C0800497ED3 /* TRPGetProgramJsonModel.swift */,
			);
			path = GetProgram;
			sourceTree = "<group>";
		};
/* End PBXGroup section */

/* Begin PBXHeadersBuildPhase section */
		B29B462020F607F90009E711 /* Headers */ = {
			isa = PBXHeadersBuildPhase;
			buildActionMask = 2147483647;
			files = (
				B29B462A20F607F90009E711 /* TRPRestKit.h in Headers */,
			);
			runOnlyForDeploymentPostprocessing = 0;
		};
/* End PBXHeadersBuildPhase section */

/* Begin PBXNativeTarget section */
		B20BBAAC212F20E500DEAA3E /* TRPRestKitTests */ = {
			isa = PBXNativeTarget;
			buildConfigurationList = B20BBAB7212F20E500DEAA3E /* Build configuration list for PBXNativeTarget "TRPRestKitTests" */;
			buildPhases = (
				B20BBAA9212F20E500DEAA3E /* Sources */,
				B20BBAAA212F20E500DEAA3E /* Frameworks */,
				B20BBAAB212F20E500DEAA3E /* Resources */,
			);
			buildRules = (
			);
			dependencies = (
				B20BBAB4212F20E500DEAA3E /* PBXTargetDependency */,
			);
			name = TRPRestKitTests;
			productName = TRPRestKitTests;
			productReference = B20BBAAD212F20E500DEAA3E /* TRPRestKitTests.xctest */;
			productType = "com.apple.product-type.bundle.unit-test";
		};
		B29B462420F607F90009E711 /* TRPRestKit */ = {
			isa = PBXNativeTarget;
			buildConfigurationList = B29B462D20F607F90009E711 /* Build configuration list for PBXNativeTarget "TRPRestKit" */;
			buildPhases = (
				B29B462020F607F90009E711 /* Headers */,
				B29B462120F607F90009E711 /* Sources */,
				B29B462220F607F90009E711 /* Frameworks */,
				B29B462320F607F90009E711 /* Resources */,
			);
			buildRules = (
			);
			dependencies = (
			);
			name = TRPRestKit;
			productName = TRPRestKit;
			productReference = B29B462520F607F90009E711 /* TRPRestKit.framework */;
			productType = "com.apple.product-type.framework";
		};
/* End PBXNativeTarget section */

/* Begin PBXProject section */
		B29B461C20F607F90009E711 /* Project object */ = {
			isa = PBXProject;
			attributes = {
				DefaultBuildSystemTypeForWorkspace = Original;
				LastSwiftUpdateCheck = 0940;
				LastUpgradeCheck = 1000;
				ORGANIZATIONNAME = "Evren Yaşar";
				TargetAttributes = {
					B20BBAAC212F20E500DEAA3E = {
						CreatedOnToolsVersion = 9.4.1;
						LastSwiftMigration = 1000;
						TestTargetID = B20071992165354800428C5A;
					};
					B258870922316B9100BD6930 = {
						CreatedOnToolsVersion = 10.1;
					};
					B29B462420F607F90009E711 = {
						CreatedOnToolsVersion = 10.0;
						LastSwiftMigration = 1000;
					};
				};
			};
			buildConfigurationList = B29B461F20F607F90009E711 /* Build configuration list for PBXProject "TRPRestKit" */;
			compatibilityVersion = "Xcode 9.3";
			developmentRegion = en;
			hasScannedForEncodings = 0;
			knownRegions = (
				en,
				Base,
			);
			mainGroup = B29B461B20F607F90009E711;
			productRefGroup = B29B462620F607F90009E711 /* Products */;
			projectDirPath = "";
			projectRoot = "";
			targets = (
				B29B462420F607F90009E711 /* TRPRestKit */,
				B20BBAAC212F20E500DEAA3E /* TRPRestKitTests */,
				B258870922316B9100BD6930 /* UniversalRestKit */,
			);
		};
/* End PBXProject section */

/* Begin PBXResourcesBuildPhase section */
		B20BBAAB212F20E500DEAA3E /* Resources */ = {
			isa = PBXResourcesBuildPhase;
			buildActionMask = 2147483647;
			files = (
			);
			runOnlyForDeploymentPostprocessing = 0;
		};
		B29B462320F607F90009E711 /* Resources */ = {
			isa = PBXResourcesBuildPhase;
			buildActionMask = 2147483647;
			files = (
				B20F29AE21C25B9B0041957B /* TestServerInfo.plist in Resources */,
			);
			runOnlyForDeploymentPostprocessing = 0;
		};
/* End PBXResourcesBuildPhase section */

/* Begin PBXShellScriptBuildPhase section */
		B258871122316BCC00BD6930 /* ShellScript */ = {
			isa = PBXShellScriptBuildPhase;
			buildActionMask = 2147483647;
			files = (
			);
			inputFileListPaths = (
			);
			inputPaths = (
			);
			outputFileListPaths = (
			);
			outputPaths = (
			);
			runOnlyForDeploymentPostprocessing = 0;
			shellPath = /bin/sh;
			shellScript = "#!/bin/sh\n\nUNIVERSAL_OUTPUTFOLDER=${BUILD_DIR}/${CONFIGURATION}-universal\n\n# make sure the output directory exists\nmkdir -p \"${UNIVERSAL_OUTPUTFOLDER}\"\n\n# Step 1. Build Device and Simulator versions\nxcodebuild -target \"${PROJECT_NAME}\" ONLY_ACTIVE_ARCH=NO -configuration ${CONFIGURATION} -sdk iphoneos  BUILD_DIR=\"${BUILD_DIR}\" BUILD_ROOT=\"${BUILD_ROOT}\" clean build\nxcodebuild -target \"${PROJECT_NAME}\" -configuration ${CONFIGURATION} -sdk iphonesimulator ONLY_ACTIVE_ARCH=NO BUILD_DIR=\"${BUILD_DIR}\" BUILD_ROOT=\"${BUILD_ROOT}\" clean build\n\n# Step 2. Copy the framework structure (from iphoneos build) to the universal folder\ncp -R \"${BUILD_DIR}/${CONFIGURATION}-iphoneos/${PROJECT_NAME}.framework\" \"${UNIVERSAL_OUTPUTFOLDER}/\"\n\n# Step 3. Copy Swift modules from iphonesimulator build (if it exists) to the copied framework directory\nSIMULATOR_SWIFT_MODULES_DIR=\"${BUILD_DIR}/${CONFIGURATION}-iphonesimulator/${PROJECT_NAME}.framework/Modules/${PROJECT_NAME}.swiftmodule/.\"\nif [ -d \"${SIMULATOR_SWIFT_MODULES_DIR}\" ]; then\ncp -R \"${SIMULATOR_SWIFT_MODULES_DIR}\" \"${UNIVERSAL_OUTPUTFOLDER}/${PROJECT_NAME}.framework/Modules/${PROJECT_NAME}.swiftmodule\"\nfi\n\n# Step 4. Create universal binary file using lipo and place the combined executable in the copied framework directory\nlipo -create -output \"${UNIVERSAL_OUTPUTFOLDER}/${PROJECT_NAME}.framework/${PROJECT_NAME}\" \"${BUILD_DIR}/${CONFIGURATION}-iphonesimulator/${PROJECT_NAME}.framework/${PROJECT_NAME}\" \"${BUILD_DIR}/${CONFIGURATION}-iphoneos/${PROJECT_NAME}.framework/${PROJECT_NAME}\"\n\n# Step 5. Convenience step to copy the framework to the project's directory\ncp -R \"${UNIVERSAL_OUTPUTFOLDER}/${PROJECT_NAME}.framework\" \"${PROJECT_DIR}\"\n\n# Step 6. Convenience step to open the project's directory in Finder\nopen \"${PROJECT_DIR}\"\n";
		};
/* End PBXShellScriptBuildPhase section */

/* Begin PBXSourcesBuildPhase section */
		B20BBAA9212F20E500DEAA3E /* Sources */ = {
			isa = PBXSourcesBuildPhase;
			buildActionMask = 2147483647;
			files = (
				B20BBAEF21304C4F00DEAA3E /* TRPOauthServicesTest.swift in Sources */,
				B2E0D1ED2148584900876D81 /* TRPUserPreferencesTest.swift in Sources */,
				B20BBAE2212FCA4F00DEAA3E /* TRPParentJsonModelTest.swift in Sources */,
				B20BBAE5212FD64700DEAA3E /* TRPCityJsonModelTest.swift in Sources */,
				B2179D282133F3CD004954A4 /* UserTest.swift in Sources */,
				B2E0D20121492B9C00876D81 /* TRPPlanPointAlternativeTest.swift in Sources */,
				B2FDCFBB2147F608000C9387 /* TRPUserTest.swift in Sources */,
				B2E0D1EF21485BB400876D81 /* TRPTripTest.swift in Sources */,
				B2E0D1F12148DA0300876D81 /* TRPDayPlanTest.swift in Sources */,
				B24AEAE521463530003BB0B3 /* TRPCitiesTest.swift in Sources */,
				B2FDCFB521469EF0000C9387 /* TRPPlacesTest.swift in Sources */,
				B2E0D1F32149193E00876D81 /* TRPPlanPoints.swift in Sources */,
				B2FDCFB72147C95A000C9387 /* TRPTripQuestionTest.swift in Sources */,
				B24AEAF221469B94003BB0B3 /* TRPPlaceTypesTest.swift in Sources */,
				B2E0D20321492FA100876D81 /* TRPRecommendationTest.swift in Sources */,
			);
			runOnlyForDeploymentPostprocessing = 0;
		};
		B29B462120F607F90009E711 /* Sources */ = {
			isa = PBXSourcesBuildPhase;
			buildActionMask = 2147483647;
			files = (
				B2FE503621356EE700CDC79E /* TRPDeleteProgram.swift in Sources */,
				B2179D262133EF87004954A4 /* TRPUserPersistent.swift in Sources */,
				B29B46B420F613FE0009E711 /* TRPCheckDataUpdates.swift in Sources */,
				B29B468120F60F6A0009E711 /* TRPTripQuestionInfoModel.swift in Sources */,
				B29B46A420F613690009E711 /* TRPCities.swift in Sources */,
				B2FDCFBD2147FA45000C9387 /* TRPUserRegister.swift in Sources */,
				B2FE502E21354BD600CDC79E /* TRPGetProgram.swift in Sources */,
				B210988E2188AD8F0070946C /* TRPImageResizer.swift in Sources */,
				B29B466220F60CEF0009E711 /* TRPRoutesResultDaysJsonModel.swift in Sources */,
				B29B463B20F60A910009E711 /* TRPConfig.swift in Sources */,
				B236885F216BAE0800920DA7 /* TRPUserFavorite.swift in Sources */,
				B29B46BF20F6145B0009E711 /* TRPGrouteResult.swift in Sources */,
				B29B469020F60FEB0009E711 /* TRPCityJsonModel.swift in Sources */,
				B29B463D20F60AAB0009E711 /* TRPTime.swift in Sources */,
				B22372242131151900E21532 /* TRPOAuthJsonModel.swift in Sources */,
				B20CD9D42135DC5700497ED3 /* TRPDailyPlanServices.swift in Sources */,
				B29B467120F60EE70009E711 /* TRPRoutesJsonModel.swift in Sources */,
				B261A72222490E4C00D31558 /* TRPProblemCategories.swift in Sources */,
				B29B46A020F613300009E711 /* TRPNetworkError.swift in Sources */,
				B29B469220F60FFB0009E711 /* TRPCityInfoModel.swift in Sources */,
				B29B469420F6100C0009E711 /* TRPCountryJsonModel.swift in Sources */,
				B29B466920F60D290009E711 /* TRPRoutesResultJsonModel.swift in Sources */,
				B29B467A20F60F320009E711 /* TRPRecommendationInfoJsonModel.swift in Sources */,
				B29B466420F60D000009E711 /* TRPRoutesResultParamsJsonModel.swift in Sources */,
				B21E1A8D220A281200EF471F /* TRPGoogleAutoComplete.swift in Sources */,
				B29B469920F610370009E711 /* TRPTagsInfoModel.swift in Sources */,
				B29B468620F60F970009E711 /* TRPPoiJsonModel.swift in Sources */,
				B29B466620F60D120009E711 /* TRPRoutesResultDataJsonModel.swift in Sources */,
				B29B465520F60C740009E711 /* TRPGRoutesResultInfoJsonModel.swift in Sources */,
				B2E0D1FF2149244A00876D81 /* TRPPlanPoi.swift in Sources */,
				B29B468D20F60FD30009E711 /* TRPCategoryInfoModel.swift in Sources */,
				B29B467520F60F070009E711 /* TRPRoutesTimeJsonModel.swift in Sources */,
				B29B468B20F60FC20009E711 /* TRPPlaceTypeJsonModel.swift in Sources */,
				B21E1A8F220A282800EF471F /* TRPGooglePlace.swift in Sources */,
				B215BF0721319C9700659818 /* TRPUserMeJsonModel.swift in Sources */,
				B20CD9C921357C0800497ED3 /* TRPGetProgramJsonModel.swift in Sources */,
				B261A72022490DEC00D31558 /* TRPReportAProblemServices.swift in Sources */,
				B215BEFD2131756700659818 /* TRPTripSettings.swift in Sources */,
				B29B46BD20F6144B0009E711 /* TRPRoutesResult.swift in Sources */,
				B29B46A220F613430009E711 /* TRPRequestMode.swift in Sources */,
				B215BF0921319D6500659818 /* TRPUserInfoModel.swift in Sources */,
				B29B46B220F613EC0009E711 /* TRPTags.swift in Sources */,
				B29B465120F60C500009E711 /* TRPGRoutesResultJsonModel.swift in Sources */,
				B2E0D1F821491DF000876D81 /* TRPTripJsonModel.swift in Sources */,
				B29B469E20F613150009E711 /* TRPNetwork.swift in Sources */,
				B29B463720F60A630009E711 /* TRPClient.swift in Sources */,
				B29B465A20F60CA90009E711 /* TRPRoutesResultPlaceJsonModel.swift in Sources */,
				B215BF122132808A00659818 /* TRPUserTripInfoModel.swift in Sources */,
				B29B46B020F613D80009E711 /* TRPRestServices.swift in Sources */,
				B20CD9CF213596FB00497ED3 /* TRPDailyPlanInfoModel.swift in Sources */,
				B29B467F20F60F5C0009E711 /* TRPTripQuestionJsonModel.swift in Sources */,
				B29B464120F60ADF0009E711 /* Pagination.swift in Sources */,
				B20CD9E821365B3D00497ED3 /* NearByJsonInfoModel.swift in Sources */,
				B20CD9F82136A90B00497ED3 /* TRPPlanPointInfoModel.swift in Sources */,
				B21E1A8B220A27F500EF471F /* TRPGooglePlaceLocation.swift in Sources */,
				B215BF0B2131D18A00659818 /* TRPMyPrograms.swift in Sources */,
				B29B46A820F6138D0009E711 /* TRPPlace.swift in Sources */,
				B29B468820F60FA70009E711 /* TRPPoiInfoModel.swift in Sources */,
				B29B46AA20F613A00009E711 /* TRPTripQuestion.swift in Sources */,
				B20F29B021C25C7B0041957B /* Plist.swift in Sources */,
				B20CD9FC2136E23200497ED3 /* TRPFeedback.swift in Sources */,
				B215BF102131D31700659818 /* TRPUserTripsJsonModel.swift in Sources */,
				B20CD9E621365B2700497ED3 /* TRPPlanPointAlternativeJsonModel.swift in Sources */,
				B2AEF1BC21A7E58700824D1F /* TRPPoiAddRouteJsonModel.swift in Sources */,
				B20CD9F62136A8E600497ED3 /* TRPProgramStepJsonModel.swift in Sources */,
				B2AEF1B921A7E52500824D1F /* TRPPoiAddRouteInfoModel.swift in Sources */,
				B29B465C20F60CBB0009E711 /* TRPRoutesResultTravelDetailsJsonModel.swift in Sources */,
				B29B46AC20F613B30009E711 /* TRPRecommendation.swift in Sources */,
				B2E0D1F521491D2300876D81 /* TRPDayPlanJsonModel.swift in Sources */,
				B29B466E20F60D550009E711 /* TRPGrouteWaitInfoModel.swift in Sources */,
				B261A733224B7E4A00D31558 /* TRPProblemCategoriesJsonModel.swift in Sources */,
				B215BF022131791D00659818 /* TRPMe.swift in Sources */,
				B29B465320F60C630009E711 /* TRPGRoutesResultWalkDriveJsonModel.swift in Sources */,
				B29B465E20F60CCB0009E711 /* TRPRoutesResultTravelJsonModel.swift in Sources */,
				B29B463F20F60AC30009E711 /* TRPRestKit.swift in Sources */,
				B29B468320F60F7C0009E711 /* TRPQuestionOptionsJsonModel.swift in Sources */,
				B29B464B20F60C0D0009E711 /* TRPParentJsonModel.swift in Sources */,
				B227F45C216CA2BA00591C70 /* TRPFavoritesJsonModel.swift in Sources */,
				B29B46AE20F613C70009E711 /* TRPRecommendationSettings.swift in Sources */,
				B2E0D1FA21491E0000876D81 /* TRPTripInfoModel.swift in Sources */,
				B29B464920F60BF80009E711 /* TRPCoordinateModel.swift in Sources */,
				B29B46C120F6146D0009E711 /* TRPPlanPointAlternatives.swift in Sources */,
				B29B46A620F6137C0009E711 /* PoiCategories.swift in Sources */,
				B29B467320F60EF70009E711 /* TRPRoutesInfoJsonModel.swift in Sources */,
				B20CD9F321368CF800497ED3 /* TRPPlanPoints.swift in Sources */,
				B2FDCFB92147EE41000C9387 /* TRPLoginJsonModel.swift in Sources */,
				B29B465720F60C890009E711 /* TRPGRoutesResultTextValueJsonModel.swift in Sources */,
				B21E1A89220A27DF00EF471F /* TRPGooglePlaceService.swift in Sources */,
				B29B467820F60F220009E711 /* TRPRecommendationJsonModel.swift in Sources */,
				B20BBAEB213046CB00DEAA3E /* TRPLogin.swift in Sources */,
				B29B469720F610280009E711 /* TRPTagsJsonModel.swift in Sources */,
				B215BEFF2131765B00659818 /* TRPProgram.swift in Sources */,
				B29B464520F60B090009E711 /* TRPUpdateTypeModel.swift in Sources */,
				B29B466C20F60D450009E711 /* TRPGrouteWaitModel.swift in Sources */,
				B29B469C20F6104F0009E711 /* TRPCheckUpdateJsonModel.swift in Sources */,
				B29B466020F60CDD0009E711 /* TRPRoutesResultStepsJsonModel.swift in Sources */,
			);
			runOnlyForDeploymentPostprocessing = 0;
		};
/* End PBXSourcesBuildPhase section */

/* Begin PBXTargetDependency section */
		B20BBAB4212F20E500DEAA3E /* PBXTargetDependency */ = {
			isa = PBXTargetDependency;
			target = B29B462420F607F90009E711 /* TRPRestKit */;
			targetProxy = B20BBAB3212F20E500DEAA3E /* PBXContainerItemProxy */;
		};
		B258871822316D2D00BD6930 /* PBXTargetDependency */ = {
			isa = PBXTargetDependency;
			target = B29B462420F607F90009E711 /* TRPRestKit */;
			targetProxy = B258871722316D2D00BD6930 /* PBXContainerItemProxy */;
		};
/* End PBXTargetDependency section */

/* Begin XCBuildConfiguration section */
		B20BBAB5212F20E500DEAA3E /* Debug */ = {
			isa = XCBuildConfiguration;
			baseConfigurationReference = B20F29AB21C25A730041957B /* TestServerConfig.xcconfig */;
			buildSettings = {
				CODE_SIGN_STYLE = Automatic;
				DEVELOPMENT_TEAM = LKU8459YDL;
				FRAMEWORK_SEARCH_PATHS = (
					"$(inherited)",
					"$(PROJECT_DIR)",
				);
				INFOPLIST_FILE = TRPRestKitTests/Info.plist;
				IPHONEOS_DEPLOYMENT_TARGET = 11.4;
				LD_RUNPATH_SEARCH_PATHS = (
					"$(inherited)",
					"@executable_path/Frameworks",
					"@loader_path/Frameworks",
				);
				MTL_ENABLE_DEBUG_INFO = YES;
				PRODUCT_BUNDLE_IDENTIFIER = com.tripian.TRPRestKitTests;
				PRODUCT_NAME = "$(TARGET_NAME)";
				SWIFT_VERSION = 4.2;
				TARGETED_DEVICE_FAMILY = "1,2";
				TEST_HOST = "$(BUILT_PRODUCTS_DIR)/HostApp.app/HostApp";
			};
			name = Debug;
		};
		B20BBAB6212F20E500DEAA3E /* Release */ = {
			isa = XCBuildConfiguration;
			baseConfigurationReference = B20F29AB21C25A730041957B /* TestServerConfig.xcconfig */;
			buildSettings = {
				CODE_SIGN_STYLE = Automatic;
				DEVELOPMENT_TEAM = LKU8459YDL;
				FRAMEWORK_SEARCH_PATHS = (
					"$(inherited)",
					"$(PROJECT_DIR)",
				);
				INFOPLIST_FILE = TRPRestKitTests/Info.plist;
				IPHONEOS_DEPLOYMENT_TARGET = 11.4;
				LD_RUNPATH_SEARCH_PATHS = (
					"$(inherited)",
					"@executable_path/Frameworks",
					"@loader_path/Frameworks",
				);
				PRODUCT_BUNDLE_IDENTIFIER = com.tripian.TRPRestKitTests;
				PRODUCT_NAME = "$(TARGET_NAME)";
				SWIFT_VERSION = 4.2;
				TARGETED_DEVICE_FAMILY = "1,2";
				TEST_HOST = "$(BUILT_PRODUCTS_DIR)/HostApp.app/HostApp";
			};
			name = Release;
		};
		B20F29A421C259DD0041957B /* Debug(TestServer) */ = {
			isa = XCBuildConfiguration;
			baseConfigurationReference = B20F29AC21C25A9C0041957B /* MainConfig.xcconfig */;
			buildSettings = {
				ALWAYS_SEARCH_USER_PATHS = NO;
				CLANG_ANALYZER_NONNULL = YES;
				CLANG_ANALYZER_NUMBER_OBJECT_CONVERSION = YES_AGGRESSIVE;
				CLANG_CXX_LANGUAGE_STANDARD = "gnu++14";
				CLANG_CXX_LIBRARY = "libc++";
				CLANG_ENABLE_MODULES = YES;
				CLANG_ENABLE_OBJC_ARC = YES;
				CLANG_ENABLE_OBJC_WEAK = YES;
				CLANG_WARN_BLOCK_CAPTURE_AUTORELEASING = YES;
				CLANG_WARN_BOOL_CONVERSION = YES;
				CLANG_WARN_COMMA = YES;
				CLANG_WARN_CONSTANT_CONVERSION = YES;
				CLANG_WARN_DEPRECATED_OBJC_IMPLEMENTATIONS = YES;
				CLANG_WARN_DIRECT_OBJC_ISA_USAGE = YES_ERROR;
				CLANG_WARN_DOCUMENTATION_COMMENTS = YES;
				CLANG_WARN_EMPTY_BODY = YES;
				CLANG_WARN_ENUM_CONVERSION = YES;
				CLANG_WARN_INFINITE_RECURSION = YES;
				CLANG_WARN_INT_CONVERSION = YES;
				CLANG_WARN_NON_LITERAL_NULL_CONVERSION = YES;
				CLANG_WARN_OBJC_IMPLICIT_RETAIN_SELF = YES;
				CLANG_WARN_OBJC_LITERAL_CONVERSION = YES;
				CLANG_WARN_OBJC_ROOT_CLASS = YES_ERROR;
				CLANG_WARN_RANGE_LOOP_ANALYSIS = YES;
				CLANG_WARN_STRICT_PROTOTYPES = YES;
				CLANG_WARN_SUSPICIOUS_MOVE = YES;
				CLANG_WARN_UNGUARDED_AVAILABILITY = YES_AGGRESSIVE;
				CLANG_WARN_UNREACHABLE_CODE = YES;
				CLANG_WARN__DUPLICATE_METHOD_MATCH = YES;
				CODE_SIGN_IDENTITY = "iPhone Developer";
				COPY_PHASE_STRIP = NO;
				CURRENT_PROJECT_VERSION = 1;
				DEBUG_INFORMATION_FORMAT = dwarf;
				ENABLE_STRICT_OBJC_MSGSEND = YES;
				ENABLE_TESTABILITY = YES;
				GCC_C_LANGUAGE_STANDARD = gnu11;
				GCC_DYNAMIC_NO_PIC = NO;
				GCC_NO_COMMON_BLOCKS = YES;
				GCC_OPTIMIZATION_LEVEL = 0;
				GCC_PREPROCESSOR_DEFINITIONS = (
					"DEBUG=1",
					"$(inherited)",
				);
				GCC_WARN_64_TO_32_BIT_CONVERSION = YES;
				GCC_WARN_ABOUT_RETURN_TYPE = YES_ERROR;
				GCC_WARN_UNDECLARED_SELECTOR = YES;
				GCC_WARN_UNINITIALIZED_AUTOS = YES_AGGRESSIVE;
				GCC_WARN_UNUSED_FUNCTION = YES;
				GCC_WARN_UNUSED_VARIABLE = YES;
				IPHONEOS_DEPLOYMENT_TARGET = 11.0;
				MTL_ENABLE_DEBUG_INFO = INCLUDE_SOURCE;
				ONLY_ACTIVE_ARCH = YES;
				SDKROOT = iphoneos;
				SWIFT_ACTIVE_COMPILATION_CONDITIONS = DEBUG;
				SWIFT_OPTIMIZATION_LEVEL = "-Onone";
				SYSTEM_FRAMEWORK_SEARCH_PATHS = (
					"$(SYMROOT)/Release$(EFFECTIVE_PLATFORM_NAME)",
					"$(SYMROOT)/Debug$(EFFECTIVE_PLATFORM_NAME)",
				);
				VERSIONING_SYSTEM = "apple-generic";
				VERSION_INFO_PREFIX = "";
			};
			name = "Debug(TestServer)";
		};
		B20F29A521C259DD0041957B /* Debug(TestServer) */ = {
			isa = XCBuildConfiguration;
			baseConfigurationReference = B20F29AC21C25A9C0041957B /* MainConfig.xcconfig */;
			buildSettings = {
				CLANG_ENABLE_MODULES = YES;
				CODE_SIGN_IDENTITY = "";
				CODE_SIGN_STYLE = Automatic;
				DEFINES_MODULE = YES;
				DEVELOPMENT_TEAM = LKU8459YDL;
				DYLIB_COMPATIBILITY_VERSION = 1;
				DYLIB_CURRENT_VERSION = 1;
				DYLIB_INSTALL_NAME_BASE = "@rpath";
				FRAMEWORK_SEARCH_PATHS = (
					"$(inherited)",
					"$(PROJECT_DIR)",
				);
				INFOPLIST_FILE = TRPRestKit/TestServerInfo.plist;
				INSTALL_PATH = "$(LOCAL_LIBRARY_DIR)/Frameworks";
				LD_RUNPATH_SEARCH_PATHS = (
					"$(inherited)",
					"@executable_path/Frameworks",
					"@loader_path/Frameworks",
				);
				PRODUCT_BUNDLE_IDENTIFIER = com.tripian.TRPRestKit;
				PRODUCT_NAME = "$(TARGET_NAME:c99extidentifier)";
				SKIP_INSTALL = YES;
				SWIFT_OPTIMIZATION_LEVEL = "-Onone";
				SWIFT_VERSION = 4.2;
				TARGETED_DEVICE_FAMILY = "1,2";
			};
			name = "Debug(TestServer)";
		};
		B20F29A621C259DD0041957B /* Debug(TestServer) */ = {
			isa = XCBuildConfiguration;
			baseConfigurationReference = B20F29AC21C25A9C0041957B /* MainConfig.xcconfig */;
			buildSettings = {
				CODE_SIGN_STYLE = Automatic;
				DEVELOPMENT_TEAM = LKU8459YDL;
				FRAMEWORK_SEARCH_PATHS = (
					"$(inherited)",
					"$(PROJECT_DIR)",
				);
				INFOPLIST_FILE = TRPRestKitTests/Info.plist;
				IPHONEOS_DEPLOYMENT_TARGET = 11.4;
				LD_RUNPATH_SEARCH_PATHS = (
					"$(inherited)",
					"@executable_path/Frameworks",
					"@loader_path/Frameworks",
				);
				MTL_ENABLE_DEBUG_INFO = YES;
				PRODUCT_BUNDLE_IDENTIFIER = com.tripian.TRPRestKitTests;
				PRODUCT_NAME = "$(TARGET_NAME)";
				SWIFT_VERSION = 4.2;
				TARGETED_DEVICE_FAMILY = "1,2";
				TEST_HOST = "$(BUILT_PRODUCTS_DIR)/HostApp.app/HostApp";
			};
			name = "Debug(TestServer)";
		};
		B20F29A821C259F90041957B /* Release(TestServer) */ = {
			isa = XCBuildConfiguration;
			baseConfigurationReference = B20F29AB21C25A730041957B /* TestServerConfig.xcconfig */;
			buildSettings = {
				ALWAYS_SEARCH_USER_PATHS = NO;
				CLANG_ANALYZER_NONNULL = YES;
				CLANG_ANALYZER_NUMBER_OBJECT_CONVERSION = YES_AGGRESSIVE;
				CLANG_CXX_LANGUAGE_STANDARD = "gnu++14";
				CLANG_CXX_LIBRARY = "libc++";
				CLANG_ENABLE_MODULES = YES;
				CLANG_ENABLE_OBJC_ARC = YES;
				CLANG_ENABLE_OBJC_WEAK = YES;
				CLANG_WARN_BLOCK_CAPTURE_AUTORELEASING = YES;
				CLANG_WARN_BOOL_CONVERSION = YES;
				CLANG_WARN_COMMA = YES;
				CLANG_WARN_CONSTANT_CONVERSION = YES;
				CLANG_WARN_DEPRECATED_OBJC_IMPLEMENTATIONS = YES;
				CLANG_WARN_DIRECT_OBJC_ISA_USAGE = YES_ERROR;
				CLANG_WARN_DOCUMENTATION_COMMENTS = YES;
				CLANG_WARN_EMPTY_BODY = YES;
				CLANG_WARN_ENUM_CONVERSION = YES;
				CLANG_WARN_INFINITE_RECURSION = YES;
				CLANG_WARN_INT_CONVERSION = YES;
				CLANG_WARN_NON_LITERAL_NULL_CONVERSION = YES;
				CLANG_WARN_OBJC_IMPLICIT_RETAIN_SELF = YES;
				CLANG_WARN_OBJC_LITERAL_CONVERSION = YES;
				CLANG_WARN_OBJC_ROOT_CLASS = YES_ERROR;
				CLANG_WARN_RANGE_LOOP_ANALYSIS = YES;
				CLANG_WARN_STRICT_PROTOTYPES = YES;
				CLANG_WARN_SUSPICIOUS_MOVE = YES;
				CLANG_WARN_UNGUARDED_AVAILABILITY = YES_AGGRESSIVE;
				CLANG_WARN_UNREACHABLE_CODE = YES;
				CLANG_WARN__DUPLICATE_METHOD_MATCH = YES;
				CODE_SIGN_IDENTITY = "iPhone Developer";
				COPY_PHASE_STRIP = NO;
				CURRENT_PROJECT_VERSION = 1;
				DEBUG_INFORMATION_FORMAT = "dwarf-with-dsym";
				ENABLE_NS_ASSERTIONS = NO;
				ENABLE_STRICT_OBJC_MSGSEND = YES;
				GCC_C_LANGUAGE_STANDARD = gnu11;
				GCC_NO_COMMON_BLOCKS = YES;
				GCC_WARN_64_TO_32_BIT_CONVERSION = YES;
				GCC_WARN_ABOUT_RETURN_TYPE = YES_ERROR;
				GCC_WARN_UNDECLARED_SELECTOR = YES;
				GCC_WARN_UNINITIALIZED_AUTOS = YES_AGGRESSIVE;
				GCC_WARN_UNUSED_FUNCTION = YES;
				GCC_WARN_UNUSED_VARIABLE = YES;
				IPHONEOS_DEPLOYMENT_TARGET = 11.0;
				MTL_ENABLE_DEBUG_INFO = NO;
				SDKROOT = iphoneos;
				SWIFT_COMPILATION_MODE = wholemodule;
				SWIFT_OPTIMIZATION_LEVEL = "-O";
				SYSTEM_FRAMEWORK_SEARCH_PATHS = (
					"$(SYMROOT)/Release$(EFFECTIVE_PLATFORM_NAME)",
					"$(SYMROOT)/Debug$(EFFECTIVE_PLATFORM_NAME)",
				);
				VALIDATE_PRODUCT = YES;
				VERSIONING_SYSTEM = "apple-generic";
				VERSION_INFO_PREFIX = "";
			};
			name = "Release(TestServer)";
		};
		B20F29A921C259F90041957B /* Release(TestServer) */ = {
			isa = XCBuildConfiguration;
			baseConfigurationReference = B20F29AB21C25A730041957B /* TestServerConfig.xcconfig */;
			buildSettings = {
				CLANG_ENABLE_MODULES = YES;
				CODE_SIGN_IDENTITY = "";
				CODE_SIGN_STYLE = Automatic;
				DEFINES_MODULE = YES;
				DEVELOPMENT_TEAM = LKU8459YDL;
				DYLIB_COMPATIBILITY_VERSION = 1;
				DYLIB_CURRENT_VERSION = 1;
				DYLIB_INSTALL_NAME_BASE = "@rpath";
				FRAMEWORK_SEARCH_PATHS = (
					"$(inherited)",
					"$(PROJECT_DIR)",
				);
				INFOPLIST_FILE = TRPRestKit/TestServerInfo.plist;
				INSTALL_PATH = "$(LOCAL_LIBRARY_DIR)/Frameworks";
				LD_RUNPATH_SEARCH_PATHS = (
					"$(inherited)",
					"@executable_path/Frameworks",
					"@loader_path/Frameworks",
				);
				PRODUCT_BUNDLE_IDENTIFIER = com.tripian.TRPRestKit;
				PRODUCT_NAME = "$(TARGET_NAME:c99extidentifier)";
				SKIP_INSTALL = YES;
				SWIFT_VERSION = 4.2;
				TARGETED_DEVICE_FAMILY = "1,2";
			};
			name = "Release(TestServer)";
		};
		B20F29AA21C259F90041957B /* Release(TestServer) */ = {
			isa = XCBuildConfiguration;
			baseConfigurationReference = B20F29AB21C25A730041957B /* TestServerConfig.xcconfig */;
			buildSettings = {
				CODE_SIGN_STYLE = Automatic;
				DEVELOPMENT_TEAM = LKU8459YDL;
				FRAMEWORK_SEARCH_PATHS = (
					"$(inherited)",
					"$(PROJECT_DIR)",
				);
				INFOPLIST_FILE = TRPRestKitTests/Info.plist;
				IPHONEOS_DEPLOYMENT_TARGET = 11.4;
				LD_RUNPATH_SEARCH_PATHS = (
					"$(inherited)",
					"@executable_path/Frameworks",
					"@loader_path/Frameworks",
				);
				PRODUCT_BUNDLE_IDENTIFIER = com.tripian.TRPRestKitTests;
				PRODUCT_NAME = "$(TARGET_NAME)";
				SWIFT_VERSION = 4.2;
				TARGETED_DEVICE_FAMILY = "1,2";
				TEST_HOST = "$(BUILT_PRODUCTS_DIR)/HostApp.app/HostApp";
			};
			name = "Release(TestServer)";
		};
		B258870A22316B9100BD6930 /* Debug */ = {
			isa = XCBuildConfiguration;
			buildSettings = {
				CODE_SIGN_STYLE = Automatic;
				DEVELOPMENT_TEAM = LKU8459YDL;
				PRODUCT_NAME = "$(TARGET_NAME)";
			};
			name = Debug;
		};
		B258870B22316B9100BD6930 /* Debug(TestServer) */ = {
			isa = XCBuildConfiguration;
			buildSettings = {
				CODE_SIGN_STYLE = Automatic;
				DEVELOPMENT_TEAM = LKU8459YDL;
				PRODUCT_NAME = "$(TARGET_NAME)";
			};
			name = "Debug(TestServer)";
		};
		B258870C22316B9100BD6930 /* Release */ = {
			isa = XCBuildConfiguration;
			buildSettings = {
				CODE_SIGN_STYLE = Automatic;
				DEVELOPMENT_TEAM = LKU8459YDL;
				PRODUCT_NAME = "$(TARGET_NAME)";
			};
			name = Release;
		};
		B258870D22316B9100BD6930 /* Release(TestServer) */ = {
			isa = XCBuildConfiguration;
			buildSettings = {
				CODE_SIGN_STYLE = Automatic;
				DEVELOPMENT_TEAM = LKU8459YDL;
				PRODUCT_NAME = "$(TARGET_NAME)";
			};
			name = "Release(TestServer)";
		};
		B29B462B20F607F90009E711 /* Debug */ = {
			isa = XCBuildConfiguration;
			baseConfigurationReference = B20F29AB21C25A730041957B /* TestServerConfig.xcconfig */;
			buildSettings = {
				ALWAYS_SEARCH_USER_PATHS = NO;
				CLANG_ANALYZER_NONNULL = YES;
				CLANG_ANALYZER_NUMBER_OBJECT_CONVERSION = YES_AGGRESSIVE;
				CLANG_CXX_LANGUAGE_STANDARD = "gnu++14";
				CLANG_CXX_LIBRARY = "libc++";
				CLANG_ENABLE_MODULES = YES;
				CLANG_ENABLE_OBJC_ARC = YES;
				CLANG_ENABLE_OBJC_WEAK = YES;
				CLANG_WARN_BLOCK_CAPTURE_AUTORELEASING = YES;
				CLANG_WARN_BOOL_CONVERSION = YES;
				CLANG_WARN_COMMA = YES;
				CLANG_WARN_CONSTANT_CONVERSION = YES;
				CLANG_WARN_DEPRECATED_OBJC_IMPLEMENTATIONS = YES;
				CLANG_WARN_DIRECT_OBJC_ISA_USAGE = YES_ERROR;
				CLANG_WARN_DOCUMENTATION_COMMENTS = YES;
				CLANG_WARN_EMPTY_BODY = YES;
				CLANG_WARN_ENUM_CONVERSION = YES;
				CLANG_WARN_INFINITE_RECURSION = YES;
				CLANG_WARN_INT_CONVERSION = YES;
				CLANG_WARN_NON_LITERAL_NULL_CONVERSION = YES;
				CLANG_WARN_OBJC_IMPLICIT_RETAIN_SELF = YES;
				CLANG_WARN_OBJC_LITERAL_CONVERSION = YES;
				CLANG_WARN_OBJC_ROOT_CLASS = YES_ERROR;
				CLANG_WARN_RANGE_LOOP_ANALYSIS = YES;
				CLANG_WARN_STRICT_PROTOTYPES = YES;
				CLANG_WARN_SUSPICIOUS_MOVE = YES;
				CLANG_WARN_UNGUARDED_AVAILABILITY = YES_AGGRESSIVE;
				CLANG_WARN_UNREACHABLE_CODE = YES;
				CLANG_WARN__DUPLICATE_METHOD_MATCH = YES;
				CODE_SIGN_IDENTITY = "iPhone Developer";
				COPY_PHASE_STRIP = NO;
				CURRENT_PROJECT_VERSION = 1;
				DEBUG_INFORMATION_FORMAT = dwarf;
				ENABLE_STRICT_OBJC_MSGSEND = YES;
				ENABLE_TESTABILITY = YES;
				GCC_C_LANGUAGE_STANDARD = gnu11;
				GCC_DYNAMIC_NO_PIC = NO;
				GCC_NO_COMMON_BLOCKS = YES;
				GCC_OPTIMIZATION_LEVEL = 0;
				GCC_PREPROCESSOR_DEFINITIONS = (
					"DEBUG=1",
					"$(inherited)",
				);
				GCC_WARN_64_TO_32_BIT_CONVERSION = YES;
				GCC_WARN_ABOUT_RETURN_TYPE = YES_ERROR;
				GCC_WARN_UNDECLARED_SELECTOR = YES;
				GCC_WARN_UNINITIALIZED_AUTOS = YES_AGGRESSIVE;
				GCC_WARN_UNUSED_FUNCTION = YES;
				GCC_WARN_UNUSED_VARIABLE = YES;
				IPHONEOS_DEPLOYMENT_TARGET = 11.0;
				MTL_ENABLE_DEBUG_INFO = INCLUDE_SOURCE;
				ONLY_ACTIVE_ARCH = YES;
				SDKROOT = iphoneos;
				SWIFT_ACTIVE_COMPILATION_CONDITIONS = DEBUG;
				SWIFT_OPTIMIZATION_LEVEL = "-Onone";
				SYSTEM_FRAMEWORK_SEARCH_PATHS = (
					"$(SYMROOT)/Release$(EFFECTIVE_PLATFORM_NAME)",
					"$(SYMROOT)/Debug$(EFFECTIVE_PLATFORM_NAME)",
				);
				VERSIONING_SYSTEM = "apple-generic";
				VERSION_INFO_PREFIX = "";
			};
			name = Debug;
		};
		B29B462C20F607F90009E711 /* Release */ = {
			isa = XCBuildConfiguration;
			baseConfigurationReference = B20F29AB21C25A730041957B /* TestServerConfig.xcconfig */;
			buildSettings = {
				ALWAYS_SEARCH_USER_PATHS = NO;
				CLANG_ANALYZER_NONNULL = YES;
				CLANG_ANALYZER_NUMBER_OBJECT_CONVERSION = YES_AGGRESSIVE;
				CLANG_CXX_LANGUAGE_STANDARD = "gnu++14";
				CLANG_CXX_LIBRARY = "libc++";
				CLANG_ENABLE_MODULES = YES;
				CLANG_ENABLE_OBJC_ARC = YES;
				CLANG_ENABLE_OBJC_WEAK = YES;
				CLANG_WARN_BLOCK_CAPTURE_AUTORELEASING = YES;
				CLANG_WARN_BOOL_CONVERSION = YES;
				CLANG_WARN_COMMA = YES;
				CLANG_WARN_CONSTANT_CONVERSION = YES;
				CLANG_WARN_DEPRECATED_OBJC_IMPLEMENTATIONS = YES;
				CLANG_WARN_DIRECT_OBJC_ISA_USAGE = YES_ERROR;
				CLANG_WARN_DOCUMENTATION_COMMENTS = YES;
				CLANG_WARN_EMPTY_BODY = YES;
				CLANG_WARN_ENUM_CONVERSION = YES;
				CLANG_WARN_INFINITE_RECURSION = YES;
				CLANG_WARN_INT_CONVERSION = YES;
				CLANG_WARN_NON_LITERAL_NULL_CONVERSION = YES;
				CLANG_WARN_OBJC_IMPLICIT_RETAIN_SELF = YES;
				CLANG_WARN_OBJC_LITERAL_CONVERSION = YES;
				CLANG_WARN_OBJC_ROOT_CLASS = YES_ERROR;
				CLANG_WARN_RANGE_LOOP_ANALYSIS = YES;
				CLANG_WARN_STRICT_PROTOTYPES = YES;
				CLANG_WARN_SUSPICIOUS_MOVE = YES;
				CLANG_WARN_UNGUARDED_AVAILABILITY = YES_AGGRESSIVE;
				CLANG_WARN_UNREACHABLE_CODE = YES;
				CLANG_WARN__DUPLICATE_METHOD_MATCH = YES;
				CODE_SIGN_IDENTITY = "iPhone Developer";
				COPY_PHASE_STRIP = NO;
				CURRENT_PROJECT_VERSION = 1;
				DEBUG_INFORMATION_FORMAT = "dwarf-with-dsym";
				ENABLE_NS_ASSERTIONS = NO;
				ENABLE_STRICT_OBJC_MSGSEND = YES;
				GCC_C_LANGUAGE_STANDARD = gnu11;
				GCC_NO_COMMON_BLOCKS = YES;
				GCC_WARN_64_TO_32_BIT_CONVERSION = YES;
				GCC_WARN_ABOUT_RETURN_TYPE = YES_ERROR;
				GCC_WARN_UNDECLARED_SELECTOR = YES;
				GCC_WARN_UNINITIALIZED_AUTOS = YES_AGGRESSIVE;
				GCC_WARN_UNUSED_FUNCTION = YES;
				GCC_WARN_UNUSED_VARIABLE = YES;
				IPHONEOS_DEPLOYMENT_TARGET = 11.0;
				MTL_ENABLE_DEBUG_INFO = NO;
				SDKROOT = iphoneos;
				SWIFT_COMPILATION_MODE = wholemodule;
				SWIFT_OPTIMIZATION_LEVEL = "-O";
				SYSTEM_FRAMEWORK_SEARCH_PATHS = (
					"$(SYMROOT)/Release$(EFFECTIVE_PLATFORM_NAME)",
					"$(SYMROOT)/Debug$(EFFECTIVE_PLATFORM_NAME)",
				);
				VALIDATE_PRODUCT = YES;
				VERSIONING_SYSTEM = "apple-generic";
				VERSION_INFO_PREFIX = "";
			};
			name = Release;
		};
		B29B462E20F607F90009E711 /* Debug */ = {
			isa = XCBuildConfiguration;
			baseConfigurationReference = B20F29AB21C25A730041957B /* TestServerConfig.xcconfig */;
			buildSettings = {
				CLANG_ENABLE_MODULES = YES;
				CODE_SIGN_IDENTITY = "";
				CODE_SIGN_STYLE = Automatic;
				DEFINES_MODULE = YES;
				DEVELOPMENT_TEAM = LKU8459YDL;
				DYLIB_COMPATIBILITY_VERSION = 1;
				DYLIB_CURRENT_VERSION = 1;
				DYLIB_INSTALL_NAME_BASE = "@rpath";
				FRAMEWORK_SEARCH_PATHS = (
					"$(inherited)",
					"$(PROJECT_DIR)",
				);
				INFOPLIST_FILE = TRPRestKit/Info.plist;
				INSTALL_PATH = "$(LOCAL_LIBRARY_DIR)/Frameworks";
				LD_RUNPATH_SEARCH_PATHS = (
					"$(inherited)",
					"@executable_path/Frameworks",
					"@loader_path/Frameworks",
				);
				PRODUCT_BUNDLE_IDENTIFIER = com.tripian.TRPRestKit;
				PRODUCT_NAME = "$(TARGET_NAME:c99extidentifier)";
				SKIP_INSTALL = YES;
				SWIFT_OPTIMIZATION_LEVEL = "-Onone";
				SWIFT_VERSION = 4.2;
				TARGETED_DEVICE_FAMILY = "1,2";
			};
			name = Debug;
		};
		B29B462F20F607F90009E711 /* Release */ = {
			isa = XCBuildConfiguration;
			baseConfigurationReference = B20F29AB21C25A730041957B /* TestServerConfig.xcconfig */;
			buildSettings = {
				CLANG_ENABLE_MODULES = YES;
				CODE_SIGN_IDENTITY = "";
				CODE_SIGN_STYLE = Automatic;
				DEFINES_MODULE = YES;
				DEVELOPMENT_TEAM = LKU8459YDL;
				DYLIB_COMPATIBILITY_VERSION = 1;
				DYLIB_CURRENT_VERSION = 1;
				DYLIB_INSTALL_NAME_BASE = "@rpath";
				FRAMEWORK_SEARCH_PATHS = (
					"$(inherited)",
					"$(PROJECT_DIR)",
				);
				INFOPLIST_FILE = TRPRestKit/Info.plist;
				INSTALL_PATH = "$(LOCAL_LIBRARY_DIR)/Frameworks";
				LD_RUNPATH_SEARCH_PATHS = (
					"$(inherited)",
					"@executable_path/Frameworks",
					"@loader_path/Frameworks",
				);
				PRODUCT_BUNDLE_IDENTIFIER = com.tripian.TRPRestKit;
				PRODUCT_NAME = "$(TARGET_NAME:c99extidentifier)";
				SKIP_INSTALL = YES;
				SWIFT_VERSION = 4.2;
				TARGETED_DEVICE_FAMILY = "1,2";
			};
			name = Release;
		};
/* End XCBuildConfiguration section */

/* Begin XCConfigurationList section */
		B20BBAB7212F20E500DEAA3E /* Build configuration list for PBXNativeTarget "TRPRestKitTests" */ = {
			isa = XCConfigurationList;
			buildConfigurations = (
				B20BBAB5212F20E500DEAA3E /* Debug */,
				B20F29A621C259DD0041957B /* Debug(TestServer) */,
				B20BBAB6212F20E500DEAA3E /* Release */,
				B20F29AA21C259F90041957B /* Release(TestServer) */,
			);
			defaultConfigurationIsVisible = 0;
			defaultConfigurationName = "Release(TestServer)";
		};
		B258871022316B9100BD6930 /* Build configuration list for PBXAggregateTarget "UniversalRestKit" */ = {
			isa = XCConfigurationList;
			buildConfigurations = (
				B258870A22316B9100BD6930 /* Debug */,
				B258870B22316B9100BD6930 /* Debug(TestServer) */,
				B258870C22316B9100BD6930 /* Release */,
				B258870D22316B9100BD6930 /* Release(TestServer) */,
			);
			defaultConfigurationIsVisible = 0;
			defaultConfigurationName = "Release(TestServer)";
		};
		B29B461F20F607F90009E711 /* Build configuration list for PBXProject "TRPRestKit" */ = {
			isa = XCConfigurationList;
			buildConfigurations = (
				B29B462B20F607F90009E711 /* Debug */,
				B20F29A421C259DD0041957B /* Debug(TestServer) */,
				B29B462C20F607F90009E711 /* Release */,
				B20F29A821C259F90041957B /* Release(TestServer) */,
			);
			defaultConfigurationIsVisible = 0;
			defaultConfigurationName = "Release(TestServer)";
		};
		B29B462D20F607F90009E711 /* Build configuration list for PBXNativeTarget "TRPRestKit" */ = {
			isa = XCConfigurationList;
			buildConfigurations = (
				B29B462E20F607F90009E711 /* Debug */,
				B20F29A521C259DD0041957B /* Debug(TestServer) */,
				B29B462F20F607F90009E711 /* Release */,
				B20F29A921C259F90041957B /* Release(TestServer) */,
			);
			defaultConfigurationIsVisible = 0;
			defaultConfigurationName = "Release(TestServer)";
		};
/* End XCConfigurationList section */
	};
	rootObject = B29B461C20F607F90009E711 /* Project object */;
}
